// !$*UTF8*$!
{
	archiveVersion = 1;
	classes = {
	};
	objectVersion = 56;
	objects = {

/* Begin PBXBuildFile section */
		A4AA82932BCA769800800468 /* BaseViewController.swift in Sources */ = {isa = PBXBuildFile; fileRef = A4AA82922BCA769800800468 /* BaseViewController.swift */; };
		A4AA82962BCA7A2F00800468 /* RxCocoa in Frameworks */ = {isa = PBXBuildFile; productRef = A4AA82952BCA7A2F00800468 /* RxCocoa */; };
		A4AA82992BCA7A4100800468 /* ReactorKit in Frameworks */ = {isa = PBXBuildFile; productRef = A4AA82982BCA7A4100800468 /* ReactorKit */; };
		A4AA82A82BD4FC2D00800468 /* RxFlow in Frameworks */ = {isa = PBXBuildFile; productRef = A4AA82A72BD4FC2D00800468 /* RxFlow */; };
		A4AA82AA2BD500AE00800468 /* AppFlow.swift in Sources */ = {isa = PBXBuildFile; fileRef = A4AA82A92BD500AE00800468 /* AppFlow.swift */; };
		A4AA82AC2BD5067900800468 /* AppStepper.swift in Sources */ = {isa = PBXBuildFile; fileRef = A4AA82AB2BD5067800800468 /* AppStepper.swift */; };
		A4AA82AE2BD506D000800468 /* AppStep.swift in Sources */ = {isa = PBXBuildFile; fileRef = A4AA82AD2BD506D000800468 /* AppStep.swift */; };
		A4AA82B02BD50BB500800468 /* SignInFlow.swift in Sources */ = {isa = PBXBuildFile; fileRef = A4AA82AF2BD50BB500800468 /* SignInFlow.swift */; };
		A4AA82B22BD50BBE00800468 /* ToDoFlow.swift in Sources */ = {isa = PBXBuildFile; fileRef = A4AA82B12BD50BBE00800468 /* ToDoFlow.swift */; };
		A4AA82B42BD52ADC00800468 /* ToDoViewController.swift in Sources */ = {isa = PBXBuildFile; fileRef = A4AA82B32BD52ADC00800468 /* ToDoViewController.swift */; };
		A4AA82B62BD52B1D00800468 /* SignInViewController.swift in Sources */ = {isa = PBXBuildFile; fileRef = A4AA82B52BD52B1D00800468 /* SignInViewController.swift */; };
		A4AA82B82BD52FE700800468 /* ToDoReactor.swift in Sources */ = {isa = PBXBuildFile; fileRef = A4AA82B72BD52FE700800468 /* ToDoReactor.swift */; };
		A4AA82BA2BD5308700800468 /* SignInReactor.swift in Sources */ = {isa = PBXBuildFile; fileRef = A4AA82B92BD5308700800468 /* SignInReactor.swift */; };
		A4B884062BCA1AB2005F79D4 /* AppDelegate.swift in Sources */ = {isa = PBXBuildFile; fileRef = A4B884052BCA1AB2005F79D4 /* AppDelegate.swift */; };
		A4B884082BCA1AB2005F79D4 /* SceneDelegate.swift in Sources */ = {isa = PBXBuildFile; fileRef = A4B884072BCA1AB2005F79D4 /* SceneDelegate.swift */; };
		A4B884102BCA1AB2005F79D4 /* ToDoGeo.xcdatamodeld in Sources */ = {isa = PBXBuildFile; fileRef = A4B8840E2BCA1AB2005F79D4 /* ToDoGeo.xcdatamodeld */; };
		A4B884122BCA1AB2005F79D4 /* Assets.xcassets in Resources */ = {isa = PBXBuildFile; fileRef = A4B884112BCA1AB2005F79D4 /* Assets.xcassets */; };
		A4B884152BCA1AB2005F79D4 /* Base in Resources */ = {isa = PBXBuildFile; fileRef = A4B884142BCA1AB2005F79D4 /* Base */; };
		A4B884202BCA1AB3005F79D4 /* ToDoGeoTests.swift in Sources */ = {isa = PBXBuildFile; fileRef = A4B8841F2BCA1AB3005F79D4 /* ToDoGeoTests.swift */; };
		A4B8842A2BCA1AB3005F79D4 /* ToDoGeoUITests.swift in Sources */ = {isa = PBXBuildFile; fileRef = A4B884292BCA1AB3005F79D4 /* ToDoGeoUITests.swift */; };
		A4B8842C2BCA1AB3005F79D4 /* ToDoGeoUITestsLaunchTests.swift in Sources */ = {isa = PBXBuildFile; fileRef = A4B8842B2BCA1AB3005F79D4 /* ToDoGeoUITestsLaunchTests.swift */; };
/* End PBXBuildFile section */

/* Begin PBXContainerItemProxy section */
		A4B8841C2BCA1AB3005F79D4 /* PBXContainerItemProxy */ = {
			isa = PBXContainerItemProxy;
			containerPortal = A4B883FA2BCA1AB2005F79D4 /* Project object */;
			proxyType = 1;
			remoteGlobalIDString = A4B884012BCA1AB2005F79D4;
			remoteInfo = ToDoGeo;
		};
		A4B884262BCA1AB3005F79D4 /* PBXContainerItemProxy */ = {
			isa = PBXContainerItemProxy;
			containerPortal = A4B883FA2BCA1AB2005F79D4 /* Project object */;
			proxyType = 1;
			remoteGlobalIDString = A4B884012BCA1AB2005F79D4;
			remoteInfo = ToDoGeo;
		};
/* End PBXContainerItemProxy section */

/* Begin PBXFileReference section */
		A4AA82922BCA769800800468 /* BaseViewController.swift */ = {isa = PBXFileReference; lastKnownFileType = sourcecode.swift; path = BaseViewController.swift; sourceTree = "<group>"; };
		A4AA82A92BD500AE00800468 /* AppFlow.swift */ = {isa = PBXFileReference; lastKnownFileType = sourcecode.swift; path = AppFlow.swift; sourceTree = "<group>"; };
		A4AA82AB2BD5067800800468 /* AppStepper.swift */ = {isa = PBXFileReference; lastKnownFileType = sourcecode.swift; path = AppStepper.swift; sourceTree = "<group>"; };
		A4AA82AD2BD506D000800468 /* AppStep.swift */ = {isa = PBXFileReference; lastKnownFileType = sourcecode.swift; path = AppStep.swift; sourceTree = "<group>"; };
		A4AA82AF2BD50BB500800468 /* SignInFlow.swift */ = {isa = PBXFileReference; lastKnownFileType = sourcecode.swift; path = SignInFlow.swift; sourceTree = "<group>"; };
		A4AA82B12BD50BBE00800468 /* ToDoFlow.swift */ = {isa = PBXFileReference; lastKnownFileType = sourcecode.swift; path = ToDoFlow.swift; sourceTree = "<group>"; };
		A4AA82B32BD52ADC00800468 /* ToDoViewController.swift */ = {isa = PBXFileReference; lastKnownFileType = sourcecode.swift; path = ToDoViewController.swift; sourceTree = "<group>"; };
		A4AA82B52BD52B1D00800468 /* SignInViewController.swift */ = {isa = PBXFileReference; lastKnownFileType = sourcecode.swift; path = SignInViewController.swift; sourceTree = "<group>"; };
		A4AA82B72BD52FE700800468 /* ToDoReactor.swift */ = {isa = PBXFileReference; lastKnownFileType = sourcecode.swift; path = ToDoReactor.swift; sourceTree = "<group>"; };
		A4AA82B92BD5308700800468 /* SignInReactor.swift */ = {isa = PBXFileReference; lastKnownFileType = sourcecode.swift; path = SignInReactor.swift; sourceTree = "<group>"; };
		A4B884022BCA1AB2005F79D4 /* ToDoGeo.app */ = {isa = PBXFileReference; explicitFileType = wrapper.application; includeInIndex = 0; path = ToDoGeo.app; sourceTree = BUILT_PRODUCTS_DIR; };
		A4B884052BCA1AB2005F79D4 /* AppDelegate.swift */ = {isa = PBXFileReference; lastKnownFileType = sourcecode.swift; path = AppDelegate.swift; sourceTree = "<group>"; };
		A4B884072BCA1AB2005F79D4 /* SceneDelegate.swift */ = {isa = PBXFileReference; lastKnownFileType = sourcecode.swift; path = SceneDelegate.swift; sourceTree = "<group>"; };
		A4B8840F2BCA1AB2005F79D4 /* ToDoGeo.xcdatamodel */ = {isa = PBXFileReference; lastKnownFileType = wrapper.xcdatamodel; path = ToDoGeo.xcdatamodel; sourceTree = "<group>"; };
		A4B884112BCA1AB2005F79D4 /* Assets.xcassets */ = {isa = PBXFileReference; lastKnownFileType = folder.assetcatalog; path = Assets.xcassets; sourceTree = "<group>"; };
		A4B884142BCA1AB2005F79D4 /* Base */ = {isa = PBXFileReference; lastKnownFileType = file.storyboard; name = Base; path = Base.lproj/LaunchScreen.storyboard; sourceTree = "<group>"; };
		A4B884162BCA1AB2005F79D4 /* Info.plist */ = {isa = PBXFileReference; lastKnownFileType = text.plist.xml; path = Info.plist; sourceTree = "<group>"; };
		A4B8841B2BCA1AB3005F79D4 /* ToDoGeoTests.xctest */ = {isa = PBXFileReference; explicitFileType = wrapper.cfbundle; includeInIndex = 0; path = ToDoGeoTests.xctest; sourceTree = BUILT_PRODUCTS_DIR; };
		A4B8841F2BCA1AB3005F79D4 /* ToDoGeoTests.swift */ = {isa = PBXFileReference; lastKnownFileType = sourcecode.swift; path = ToDoGeoTests.swift; sourceTree = "<group>"; };
		A4B884252BCA1AB3005F79D4 /* ToDoGeoUITests.xctest */ = {isa = PBXFileReference; explicitFileType = wrapper.cfbundle; includeInIndex = 0; path = ToDoGeoUITests.xctest; sourceTree = BUILT_PRODUCTS_DIR; };
		A4B884292BCA1AB3005F79D4 /* ToDoGeoUITests.swift */ = {isa = PBXFileReference; lastKnownFileType = sourcecode.swift; path = ToDoGeoUITests.swift; sourceTree = "<group>"; };
		A4B8842B2BCA1AB3005F79D4 /* ToDoGeoUITestsLaunchTests.swift */ = {isa = PBXFileReference; lastKnownFileType = sourcecode.swift; path = ToDoGeoUITestsLaunchTests.swift; sourceTree = "<group>"; };
/* End PBXFileReference section */

/* Begin PBXFrameworksBuildPhase section */
		A4B883FF2BCA1AB2005F79D4 /* Frameworks */ = {
			isa = PBXFrameworksBuildPhase;
			buildActionMask = 2147483647;
			files = (
				A4AA82A82BD4FC2D00800468 /* RxFlow in Frameworks */,
				A4AA82992BCA7A4100800468 /* ReactorKit in Frameworks */,
				A4AA82962BCA7A2F00800468 /* RxCocoa in Frameworks */,
			);
			runOnlyForDeploymentPostprocessing = 0;
		};
		A4B884182BCA1AB3005F79D4 /* Frameworks */ = {
			isa = PBXFrameworksBuildPhase;
			buildActionMask = 2147483647;
			files = (
			);
			runOnlyForDeploymentPostprocessing = 0;
		};
		A4B884222BCA1AB3005F79D4 /* Frameworks */ = {
			isa = PBXFrameworksBuildPhase;
			buildActionMask = 2147483647;
			files = (
			);
			runOnlyForDeploymentPostprocessing = 0;
		};
/* End PBXFrameworksBuildPhase section */

/* Begin PBXGroup section */
		A4AA82882BCA75FE00800468 /* Data */ = {
			isa = PBXGroup;
			children = (
				A4AA829F2BCA7E8C00800468 /* Dto */,
				A4AA829E2BCA7E8000800468 /* Network */,
				A4AA829D2BCA7E7500800468 /* Repository */,
			);
			path = Data;
			sourceTree = "<group>";
		};
		A4AA82892BCA760600800468 /* Domain */ = {
			isa = PBXGroup;
			children = (
				A4AA829C2BCA7E4B00800468 /* Entity */,
				A4AA829B2BCA7E3F00800468 /* Repository */,
				A4AA829A2BCA7E3800800468 /* UseCase */,
			);
			path = Domain;
			sourceTree = "<group>";
		};
		A4AA828A2BCA760D00800468 /* Presenter */ = {
			isa = PBXGroup;
			children = (
				A4AA82A22BCBAA5700800468 /* Flows */,
				A4AA82912BCA768B00800468 /* Base */,
				A4AA82902BCA766700800468 /* Main */,
				A4AA828F2BCA766000800468 /* SignIn */,
				A4AA828E2BCA765400800468 /* SignUp */,
			);
			path = Presenter;
			sourceTree = "<group>";
		};
		A4AA828B2BCA761A00800468 /* Common */ = {
			isa = PBXGroup;
			children = (
				A4AA828C2BCA762700800468 /* Resource */,
			);
			path = Common;
			sourceTree = "<group>";
		};
		A4AA828C2BCA762700800468 /* Resource */ = {
			isa = PBXGroup;
			children = (
				A4B884112BCA1AB2005F79D4 /* Assets.xcassets */,
				A4B884162BCA1AB2005F79D4 /* Info.plist */,
			);
			path = Resource;
			sourceTree = "<group>";
		};
		A4AA828D2BCA763200800468 /* System */ = {
			isa = PBXGroup;
			children = (
				A4B884052BCA1AB2005F79D4 /* AppDelegate.swift */,
				A4B884072BCA1AB2005F79D4 /* SceneDelegate.swift */,
			);
			path = System;
			sourceTree = "<group>";
		};
		A4AA828E2BCA765400800468 /* SignUp */ = {
			isa = PBXGroup;
			children = (
			);
			path = SignUp;
			sourceTree = "<group>";
		};
		A4AA828F2BCA766000800468 /* SignIn */ = {
			isa = PBXGroup;
			children = (
				A4AA82B52BD52B1D00800468 /* SignInViewController.swift */,
				A4AA82B92BD5308700800468 /* SignInReactor.swift */,
			);
			path = SignIn;
			sourceTree = "<group>";
		};
		A4AA82902BCA766700800468 /* Main */ = {
			isa = PBXGroup;
			children = (
				A4AA82A12BCAC38C00800468 /* Map */,
				A4AA82A02BCAC37E00800468 /* ToDo */,
			);
			path = Main;
			sourceTree = "<group>";
		};
		A4AA82912BCA768B00800468 /* Base */ = {
			isa = PBXGroup;
			children = (
				A4AA82922BCA769800800468 /* BaseViewController.swift */,
			);
			path = Base;
			sourceTree = "<group>";
		};
		A4AA829A2BCA7E3800800468 /* UseCase */ = {
			isa = PBXGroup;
			children = (
			);
			path = UseCase;
			sourceTree = "<group>";
		};
		A4AA829B2BCA7E3F00800468 /* Repository */ = {
			isa = PBXGroup;
			children = (
			);
			path = Repository;
			sourceTree = "<group>";
		};
		A4AA829C2BCA7E4B00800468 /* Entity */ = {
			isa = PBXGroup;
			children = (
			);
			path = Entity;
			sourceTree = "<group>";
		};
		A4AA829D2BCA7E7500800468 /* Repository */ = {
			isa = PBXGroup;
			children = (
			);
			path = Repository;
			sourceTree = "<group>";
		};
		A4AA829E2BCA7E8000800468 /* Network */ = {
			isa = PBXGroup;
			children = (
			);
			path = Network;
			sourceTree = "<group>";
		};
		A4AA829F2BCA7E8C00800468 /* Dto */ = {
			isa = PBXGroup;
			children = (
			);
			path = Dto;
			sourceTree = "<group>";
		};
		A4AA82A02BCAC37E00800468 /* ToDo */ = {
			isa = PBXGroup;
			children = (
				A4AA82B32BD52ADC00800468 /* ToDoViewController.swift */,
				A4AA82B72BD52FE700800468 /* ToDoReactor.swift */,
			);
			path = ToDo;
			sourceTree = "<group>";
		};
		A4AA82A12BCAC38C00800468 /* Map */ = {
			isa = PBXGroup;
			children = (
			);
			path = Map;
			sourceTree = "<group>";
		};
		A4AA82A22BCBAA5700800468 /* Flows */ = {
			isa = PBXGroup;
			children = (
				A4AA82A92BD500AE00800468 /* AppFlow.swift */,
				A4AA82AB2BD5067800800468 /* AppStepper.swift */,
				A4AA82AD2BD506D000800468 /* AppStep.swift */,
				A4AA82AF2BD50BB500800468 /* SignInFlow.swift */,
				A4AA82B12BD50BBE00800468 /* ToDoFlow.swift */,
			);
			path = Flows;
			sourceTree = "<group>";
		};
		A4B883F92BCA1AB2005F79D4 = {
			isa = PBXGroup;
			children = (
				A4B884042BCA1AB2005F79D4 /* ToDoGeo */,
				A4B8841E2BCA1AB3005F79D4 /* ToDoGeoTests */,
				A4B884282BCA1AB3005F79D4 /* ToDoGeoUITests */,
				A4B884032BCA1AB2005F79D4 /* Products */,
			);
			sourceTree = "<group>";
		};
		A4B884032BCA1AB2005F79D4 /* Products */ = {
			isa = PBXGroup;
			children = (
				A4B884022BCA1AB2005F79D4 /* ToDoGeo.app */,
				A4B8841B2BCA1AB3005F79D4 /* ToDoGeoTests.xctest */,
				A4B884252BCA1AB3005F79D4 /* ToDoGeoUITests.xctest */,
			);
			name = Products;
			sourceTree = "<group>";
		};
		A4B884042BCA1AB2005F79D4 /* ToDoGeo */ = {
			isa = PBXGroup;
			children = (
				A4AA828D2BCA763200800468 /* System */,
				A4AA828B2BCA761A00800468 /* Common */,
				A4AA82882BCA75FE00800468 /* Data */,
				A4AA82892BCA760600800468 /* Domain */,
				A4AA828A2BCA760D00800468 /* Presenter */,
				A4B884132BCA1AB2005F79D4 /* LaunchScreen.storyboard */,
				A4B8840E2BCA1AB2005F79D4 /* ToDoGeo.xcdatamodeld */,
			);
			path = ToDoGeo;
			sourceTree = "<group>";
		};
		A4B8841E2BCA1AB3005F79D4 /* ToDoGeoTests */ = {
			isa = PBXGroup;
			children = (
				A4B8841F2BCA1AB3005F79D4 /* ToDoGeoTests.swift */,
			);
			path = ToDoGeoTests;
			sourceTree = "<group>";
		};
		A4B884282BCA1AB3005F79D4 /* ToDoGeoUITests */ = {
			isa = PBXGroup;
			children = (
				A4B884292BCA1AB3005F79D4 /* ToDoGeoUITests.swift */,
				A4B8842B2BCA1AB3005F79D4 /* ToDoGeoUITestsLaunchTests.swift */,
			);
			path = ToDoGeoUITests;
			sourceTree = "<group>";
		};
/* End PBXGroup section */

/* Begin PBXNativeTarget section */
		A4B884012BCA1AB2005F79D4 /* ToDoGeo */ = {
			isa = PBXNativeTarget;
			buildConfigurationList = A4B8842F2BCA1AB3005F79D4 /* Build configuration list for PBXNativeTarget "ToDoGeo" */;
			buildPhases = (
				A4B883FE2BCA1AB2005F79D4 /* Sources */,
				A4B883FF2BCA1AB2005F79D4 /* Frameworks */,
				A4B884002BCA1AB2005F79D4 /* Resources */,
			);
			buildRules = (
			);
			dependencies = (
			);
			name = ToDoGeo;
			packageProductDependencies = (
				A4AA82952BCA7A2F00800468 /* RxCocoa */,
				A4AA82982BCA7A4100800468 /* ReactorKit */,
				A4AA82A72BD4FC2D00800468 /* RxFlow */,
			);
			productName = ToDoGeo;
			productReference = A4B884022BCA1AB2005F79D4 /* ToDoGeo.app */;
			productType = "com.apple.product-type.application";
		};
		A4B8841A2BCA1AB3005F79D4 /* ToDoGeoTests */ = {
			isa = PBXNativeTarget;
			buildConfigurationList = A4B884322BCA1AB3005F79D4 /* Build configuration list for PBXNativeTarget "ToDoGeoTests" */;
			buildPhases = (
				A4B884172BCA1AB3005F79D4 /* Sources */,
				A4B884182BCA1AB3005F79D4 /* Frameworks */,
				A4B884192BCA1AB3005F79D4 /* Resources */,
			);
			buildRules = (
			);
			dependencies = (
				A4B8841D2BCA1AB3005F79D4 /* PBXTargetDependency */,
			);
			name = ToDoGeoTests;
			productName = ToDoGeoTests;
			productReference = A4B8841B2BCA1AB3005F79D4 /* ToDoGeoTests.xctest */;
			productType = "com.apple.product-type.bundle.unit-test";
		};
		A4B884242BCA1AB3005F79D4 /* ToDoGeoUITests */ = {
			isa = PBXNativeTarget;
			buildConfigurationList = A4B884352BCA1AB3005F79D4 /* Build configuration list for PBXNativeTarget "ToDoGeoUITests" */;
			buildPhases = (
				A4B884212BCA1AB3005F79D4 /* Sources */,
				A4B884222BCA1AB3005F79D4 /* Frameworks */,
				A4B884232BCA1AB3005F79D4 /* Resources */,
			);
			buildRules = (
			);
			dependencies = (
				A4B884272BCA1AB3005F79D4 /* PBXTargetDependency */,
			);
			name = ToDoGeoUITests;
			productName = ToDoGeoUITests;
			productReference = A4B884252BCA1AB3005F79D4 /* ToDoGeoUITests.xctest */;
			productType = "com.apple.product-type.bundle.ui-testing";
		};
/* End PBXNativeTarget section */

/* Begin PBXProject section */
		A4B883FA2BCA1AB2005F79D4 /* Project object */ = {
			isa = PBXProject;
			attributes = {
				BuildIndependentTargetsInParallel = 1;
				LastSwiftUpdateCheck = 1530;
				LastUpgradeCheck = 1530;
				TargetAttributes = {
					A4B884012BCA1AB2005F79D4 = {
						CreatedOnToolsVersion = 15.3;
					};
					A4B8841A2BCA1AB3005F79D4 = {
						CreatedOnToolsVersion = 15.3;
						TestTargetID = A4B884012BCA1AB2005F79D4;
					};
					A4B884242BCA1AB3005F79D4 = {
						CreatedOnToolsVersion = 15.3;
						TestTargetID = A4B884012BCA1AB2005F79D4;
					};
				};
			};
			buildConfigurationList = A4B883FD2BCA1AB2005F79D4 /* Build configuration list for PBXProject "ToDoGeo" */;
			compatibilityVersion = "Xcode 14.0";
			developmentRegion = en;
			hasScannedForEncodings = 0;
			knownRegions = (
				en,
				Base,
			);
			mainGroup = A4B883F92BCA1AB2005F79D4;
			packageReferences = (
				A4AA82942BCA7A2F00800468 /* XCRemoteSwiftPackageReference "RxSwift" */,
				A4AA82972BCA7A4100800468 /* XCRemoteSwiftPackageReference "ReactorKit" */,
				A4AA82A62BD4FC2D00800468 /* XCRemoteSwiftPackageReference "RxFlow" */,
			);
			productRefGroup = A4B884032BCA1AB2005F79D4 /* Products */;
			projectDirPath = "";
			projectRoot = "";
			targets = (
				A4B884012BCA1AB2005F79D4 /* ToDoGeo */,
				A4B8841A2BCA1AB3005F79D4 /* ToDoGeoTests */,
				A4B884242BCA1AB3005F79D4 /* ToDoGeoUITests */,
			);
		};
/* End PBXProject section */

/* Begin PBXResourcesBuildPhase section */
		A4B884002BCA1AB2005F79D4 /* Resources */ = {
			isa = PBXResourcesBuildPhase;
			buildActionMask = 2147483647;
			files = (
				A4B884122BCA1AB2005F79D4 /* Assets.xcassets in Resources */,
				A4B884152BCA1AB2005F79D4 /* Base in Resources */,
			);
			runOnlyForDeploymentPostprocessing = 0;
		};
		A4B884192BCA1AB3005F79D4 /* Resources */ = {
			isa = PBXResourcesBuildPhase;
			buildActionMask = 2147483647;
			files = (
			);
			runOnlyForDeploymentPostprocessing = 0;
		};
		A4B884232BCA1AB3005F79D4 /* Resources */ = {
			isa = PBXResourcesBuildPhase;
			buildActionMask = 2147483647;
			files = (
			);
			runOnlyForDeploymentPostprocessing = 0;
		};
/* End PBXResourcesBuildPhase section */

/* Begin PBXSourcesBuildPhase section */
		A4B883FE2BCA1AB2005F79D4 /* Sources */ = {
			isa = PBXSourcesBuildPhase;
			buildActionMask = 2147483647;
			files = (
				A4AA82B42BD52ADC00800468 /* ToDoViewController.swift in Sources */,
				A4AA82932BCA769800800468 /* BaseViewController.swift in Sources */,
				A4AA82AA2BD500AE00800468 /* AppFlow.swift in Sources */,
				A4B884102BCA1AB2005F79D4 /* ToDoGeo.xcdatamodeld in Sources */,
				A4AA82AC2BD5067900800468 /* AppStepper.swift in Sources */,
				A4AA82AE2BD506D000800468 /* AppStep.swift in Sources */,
				A4B884062BCA1AB2005F79D4 /* AppDelegate.swift in Sources */,
				A4AA82B62BD52B1D00800468 /* SignInViewController.swift in Sources */,
				A4AA82BA2BD5308700800468 /* SignInReactor.swift in Sources */,
				A4AA82B82BD52FE700800468 /* ToDoReactor.swift in Sources */,
				A4AA82B22BD50BBE00800468 /* ToDoFlow.swift in Sources */,
				A4B884082BCA1AB2005F79D4 /* SceneDelegate.swift in Sources */,
				A4AA82B02BD50BB500800468 /* SignInFlow.swift in Sources */,
			);
			runOnlyForDeploymentPostprocessing = 0;
		};
		A4B884172BCA1AB3005F79D4 /* Sources */ = {
			isa = PBXSourcesBuildPhase;
			buildActionMask = 2147483647;
			files = (
				A4B884202BCA1AB3005F79D4 /* ToDoGeoTests.swift in Sources */,
			);
			runOnlyForDeploymentPostprocessing = 0;
		};
		A4B884212BCA1AB3005F79D4 /* Sources */ = {
			isa = PBXSourcesBuildPhase;
			buildActionMask = 2147483647;
			files = (
				A4B8842C2BCA1AB3005F79D4 /* ToDoGeoUITestsLaunchTests.swift in Sources */,
				A4B8842A2BCA1AB3005F79D4 /* ToDoGeoUITests.swift in Sources */,
			);
			runOnlyForDeploymentPostprocessing = 0;
		};
/* End PBXSourcesBuildPhase section */

/* Begin PBXTargetDependency section */
		A4B8841D2BCA1AB3005F79D4 /* PBXTargetDependency */ = {
			isa = PBXTargetDependency;
			target = A4B884012BCA1AB2005F79D4 /* ToDoGeo */;
			targetProxy = A4B8841C2BCA1AB3005F79D4 /* PBXContainerItemProxy */;
		};
		A4B884272BCA1AB3005F79D4 /* PBXTargetDependency */ = {
			isa = PBXTargetDependency;
			target = A4B884012BCA1AB2005F79D4 /* ToDoGeo */;
			targetProxy = A4B884262BCA1AB3005F79D4 /* PBXContainerItemProxy */;
		};
/* End PBXTargetDependency section */

/* Begin PBXVariantGroup section */
		A4B884132BCA1AB2005F79D4 /* LaunchScreen.storyboard */ = {
			isa = PBXVariantGroup;
			children = (
				A4B884142BCA1AB2005F79D4 /* Base */,
			);
			name = LaunchScreen.storyboard;
			sourceTree = "<group>";
		};
/* End PBXVariantGroup section */

/* Begin XCBuildConfiguration section */
		A4B8842D2BCA1AB3005F79D4 /* Debug */ = {
			isa = XCBuildConfiguration;
			buildSettings = {
				ALWAYS_SEARCH_USER_PATHS = NO;
				ASSETCATALOG_COMPILER_GENERATE_SWIFT_ASSET_SYMBOL_EXTENSIONS = YES;
				CLANG_ANALYZER_NONNULL = YES;
				CLANG_ANALYZER_NUMBER_OBJECT_CONVERSION = YES_AGGRESSIVE;
				CLANG_CXX_LANGUAGE_STANDARD = "gnu++20";
				CLANG_ENABLE_MODULES = YES;
				CLANG_ENABLE_OBJC_ARC = YES;
				CLANG_ENABLE_OBJC_WEAK = YES;
				CLANG_WARN_BLOCK_CAPTURE_AUTORELEASING = YES;
				CLANG_WARN_BOOL_CONVERSION = YES;
				CLANG_WARN_COMMA = YES;
				CLANG_WARN_CONSTANT_CONVERSION = YES;
				CLANG_WARN_DEPRECATED_OBJC_IMPLEMENTATIONS = YES;
				CLANG_WARN_DIRECT_OBJC_ISA_USAGE = YES_ERROR;
				CLANG_WARN_DOCUMENTATION_COMMENTS = YES;
				CLANG_WARN_EMPTY_BODY = YES;
				CLANG_WARN_ENUM_CONVERSION = YES;
				CLANG_WARN_INFINITE_RECURSION = YES;
				CLANG_WARN_INT_CONVERSION = YES;
				CLANG_WARN_NON_LITERAL_NULL_CONVERSION = YES;
				CLANG_WARN_OBJC_IMPLICIT_RETAIN_SELF = YES;
				CLANG_WARN_OBJC_LITERAL_CONVERSION = YES;
				CLANG_WARN_OBJC_ROOT_CLASS = YES_ERROR;
				CLANG_WARN_QUOTED_INCLUDE_IN_FRAMEWORK_HEADER = YES;
				CLANG_WARN_RANGE_LOOP_ANALYSIS = YES;
				CLANG_WARN_STRICT_PROTOTYPES = YES;
				CLANG_WARN_SUSPICIOUS_MOVE = YES;
				CLANG_WARN_UNGUARDED_AVAILABILITY = YES_AGGRESSIVE;
				CLANG_WARN_UNREACHABLE_CODE = YES;
				CLANG_WARN__DUPLICATE_METHOD_MATCH = YES;
				COPY_PHASE_STRIP = NO;
				DEBUG_INFORMATION_FORMAT = dwarf;
				ENABLE_STRICT_OBJC_MSGSEND = YES;
				ENABLE_TESTABILITY = YES;
				ENABLE_USER_SCRIPT_SANDBOXING = YES;
				GCC_C_LANGUAGE_STANDARD = gnu17;
				GCC_DYNAMIC_NO_PIC = NO;
				GCC_NO_COMMON_BLOCKS = YES;
				GCC_OPTIMIZATION_LEVEL = 0;
				GCC_PREPROCESSOR_DEFINITIONS = (
					"DEBUG=1",
					"$(inherited)",
				);
				GCC_WARN_64_TO_32_BIT_CONVERSION = YES;
				GCC_WARN_ABOUT_RETURN_TYPE = YES_ERROR;
				GCC_WARN_UNDECLARED_SELECTOR = YES;
				GCC_WARN_UNINITIALIZED_AUTOS = YES_AGGRESSIVE;
				GCC_WARN_UNUSED_FUNCTION = YES;
				GCC_WARN_UNUSED_VARIABLE = YES;
				IPHONEOS_DEPLOYMENT_TARGET = 17.4;
				LOCALIZATION_PREFERS_STRING_CATALOGS = YES;
				MTL_ENABLE_DEBUG_INFO = INCLUDE_SOURCE;
				MTL_FAST_MATH = YES;
				ONLY_ACTIVE_ARCH = YES;
				SDKROOT = iphoneos;
				SWIFT_ACTIVE_COMPILATION_CONDITIONS = "DEBUG $(inherited)";
				SWIFT_OPTIMIZATION_LEVEL = "-Onone";
			};
			name = Debug;
		};
		A4B8842E2BCA1AB3005F79D4 /* Release */ = {
			isa = XCBuildConfiguration;
			buildSettings = {
				ALWAYS_SEARCH_USER_PATHS = NO;
				ASSETCATALOG_COMPILER_GENERATE_SWIFT_ASSET_SYMBOL_EXTENSIONS = YES;
				CLANG_ANALYZER_NONNULL = YES;
				CLANG_ANALYZER_NUMBER_OBJECT_CONVERSION = YES_AGGRESSIVE;
				CLANG_CXX_LANGUAGE_STANDARD = "gnu++20";
				CLANG_ENABLE_MODULES = YES;
				CLANG_ENABLE_OBJC_ARC = YES;
				CLANG_ENABLE_OBJC_WEAK = YES;
				CLANG_WARN_BLOCK_CAPTURE_AUTORELEASING = YES;
				CLANG_WARN_BOOL_CONVERSION = YES;
				CLANG_WARN_COMMA = YES;
				CLANG_WARN_CONSTANT_CONVERSION = YES;
				CLANG_WARN_DEPRECATED_OBJC_IMPLEMENTATIONS = YES;
				CLANG_WARN_DIRECT_OBJC_ISA_USAGE = YES_ERROR;
				CLANG_WARN_DOCUMENTATION_COMMENTS = YES;
				CLANG_WARN_EMPTY_BODY = YES;
				CLANG_WARN_ENUM_CONVERSION = YES;
				CLANG_WARN_INFINITE_RECURSION = YES;
				CLANG_WARN_INT_CONVERSION = YES;
				CLANG_WARN_NON_LITERAL_NULL_CONVERSION = YES;
				CLANG_WARN_OBJC_IMPLICIT_RETAIN_SELF = YES;
				CLANG_WARN_OBJC_LITERAL_CONVERSION = YES;
				CLANG_WARN_OBJC_ROOT_CLASS = YES_ERROR;
				CLANG_WARN_QUOTED_INCLUDE_IN_FRAMEWORK_HEADER = YES;
				CLANG_WARN_RANGE_LOOP_ANALYSIS = YES;
				CLANG_WARN_STRICT_PROTOTYPES = YES;
				CLANG_WARN_SUSPICIOUS_MOVE = YES;
				CLANG_WARN_UNGUARDED_AVAILABILITY = YES_AGGRESSIVE;
				CLANG_WARN_UNREACHABLE_CODE = YES;
				CLANG_WARN__DUPLICATE_METHOD_MATCH = YES;
				COPY_PHASE_STRIP = NO;
				DEBUG_INFORMATION_FORMAT = "dwarf-with-dsym";
				ENABLE_NS_ASSERTIONS = NO;
				ENABLE_STRICT_OBJC_MSGSEND = YES;
				ENABLE_USER_SCRIPT_SANDBOXING = YES;
				GCC_C_LANGUAGE_STANDARD = gnu17;
				GCC_NO_COMMON_BLOCKS = YES;
				GCC_WARN_64_TO_32_BIT_CONVERSION = YES;
				GCC_WARN_ABOUT_RETURN_TYPE = YES_ERROR;
				GCC_WARN_UNDECLARED_SELECTOR = YES;
				GCC_WARN_UNINITIALIZED_AUTOS = YES_AGGRESSIVE;
				GCC_WARN_UNUSED_FUNCTION = YES;
				GCC_WARN_UNUSED_VARIABLE = YES;
				IPHONEOS_DEPLOYMENT_TARGET = 17.4;
				LOCALIZATION_PREFERS_STRING_CATALOGS = YES;
				MTL_ENABLE_DEBUG_INFO = NO;
				MTL_FAST_MATH = YES;
				SDKROOT = iphoneos;
				SWIFT_COMPILATION_MODE = wholemodule;
				VALIDATE_PRODUCT = YES;
			};
			name = Release;
		};
		A4B884302BCA1AB3005F79D4 /* Debug */ = {
			isa = XCBuildConfiguration;
			buildSettings = {
				ASSETCATALOG_COMPILER_APPICON_NAME = AppIcon;
				ASSETCATALOG_COMPILER_GLOBAL_ACCENT_COLOR_NAME = AccentColor;
				CODE_SIGN_STYLE = Automatic;
				CURRENT_PROJECT_VERSION = 1;
				DEVELOPMENT_TEAM = WC4SMWCBL2;
				GENERATE_INFOPLIST_FILE = YES;
				INFOPLIST_FILE = ToDoGeo/Common/Resource/Info.plist;
				INFOPLIST_KEY_UIApplicationSupportsIndirectInputEvents = YES;
				INFOPLIST_KEY_UILaunchStoryboardName = LaunchScreen;
				INFOPLIST_KEY_UISupportedInterfaceOrientations_iPad = "UIInterfaceOrientationPortrait UIInterfaceOrientationPortraitUpsideDown UIInterfaceOrientationLandscapeLeft UIInterfaceOrientationLandscapeRight";
				INFOPLIST_KEY_UISupportedInterfaceOrientations_iPhone = "UIInterfaceOrientationPortrait UIInterfaceOrientationLandscapeLeft UIInterfaceOrientationLandscapeRight";
				LD_RUNPATH_SEARCH_PATHS = (
					"$(inherited)",
					"@executable_path/Frameworks",
				);
				MARKETING_VERSION = 1.0;
				PRODUCT_BUNDLE_IDENTIFIER = Neoguri.ToDoGeo;
				PRODUCT_NAME = "$(TARGET_NAME)";
				SUPPORTED_PLATFORMS = "iphoneos iphonesimulator";
				SUPPORTS_MACCATALYST = NO;
				SUPPORTS_MAC_DESIGNED_FOR_IPHONE_IPAD = NO;
				SUPPORTS_XR_DESIGNED_FOR_IPHONE_IPAD = NO;
				SWIFT_EMIT_LOC_STRINGS = YES;
				SWIFT_VERSION = 5.0;
				TARGETED_DEVICE_FAMILY = 1;
			};
			name = Debug;
		};
		A4B884312BCA1AB3005F79D4 /* Release */ = {
			isa = XCBuildConfiguration;
			buildSettings = {
				ASSETCATALOG_COMPILER_APPICON_NAME = AppIcon;
				ASSETCATALOG_COMPILER_GLOBAL_ACCENT_COLOR_NAME = AccentColor;
				CODE_SIGN_STYLE = Automatic;
				CURRENT_PROJECT_VERSION = 1;
				DEVELOPMENT_TEAM = WC4SMWCBL2;
				GENERATE_INFOPLIST_FILE = YES;
				INFOPLIST_FILE = ToDoGeo/Common/Resource/Info.plist;
				INFOPLIST_KEY_UIApplicationSupportsIndirectInputEvents = YES;
				INFOPLIST_KEY_UILaunchStoryboardName = LaunchScreen;
				INFOPLIST_KEY_UISupportedInterfaceOrientations_iPad = "UIInterfaceOrientationPortrait UIInterfaceOrientationPortraitUpsideDown UIInterfaceOrientationLandscapeLeft UIInterfaceOrientationLandscapeRight";
				INFOPLIST_KEY_UISupportedInterfaceOrientations_iPhone = "UIInterfaceOrientationPortrait UIInterfaceOrientationLandscapeLeft UIInterfaceOrientationLandscapeRight";
				LD_RUNPATH_SEARCH_PATHS = (
					"$(inherited)",
					"@executable_path/Frameworks",
				);
				MARKETING_VERSION = 1.0;
				PRODUCT_BUNDLE_IDENTIFIER = Neoguri.ToDoGeo;
				PRODUCT_NAME = "$(TARGET_NAME)";
				SUPPORTED_PLATFORMS = "iphoneos iphonesimulator";
				SUPPORTS_MACCATALYST = NO;
				SUPPORTS_MAC_DESIGNED_FOR_IPHONE_IPAD = NO;
				SUPPORTS_XR_DESIGNED_FOR_IPHONE_IPAD = NO;
				SWIFT_EMIT_LOC_STRINGS = YES;
				SWIFT_VERSION = 5.0;
				TARGETED_DEVICE_FAMILY = 1;
			};
			name = Release;
		};
		A4B884332BCA1AB3005F79D4 /* Debug */ = {
			isa = XCBuildConfiguration;
			buildSettings = {
				ALWAYS_EMBED_SWIFT_STANDARD_LIBRARIES = YES;
				BUNDLE_LOADER = "$(TEST_HOST)";
				CODE_SIGN_STYLE = Automatic;
				CURRENT_PROJECT_VERSION = 1;
				GENERATE_INFOPLIST_FILE = YES;
				IPHONEOS_DEPLOYMENT_TARGET = 17.4;
				MARKETING_VERSION = 1.0;
				PRODUCT_BUNDLE_IDENTIFIER = Neoguri.ToDoGeoTests;
				PRODUCT_NAME = "$(TARGET_NAME)";
				SWIFT_EMIT_LOC_STRINGS = NO;
				SWIFT_VERSION = 5.0;
				TARGETED_DEVICE_FAMILY = "1,2";
				TEST_HOST = "$(BUILT_PRODUCTS_DIR)/ToDoGeo.app/$(BUNDLE_EXECUTABLE_FOLDER_PATH)/ToDoGeo";
			};
			name = Debug;
		};
		A4B884342BCA1AB3005F79D4 /* Release */ = {
			isa = XCBuildConfiguration;
			buildSettings = {
				ALWAYS_EMBED_SWIFT_STANDARD_LIBRARIES = YES;
				BUNDLE_LOADER = "$(TEST_HOST)";
				CODE_SIGN_STYLE = Automatic;
				CURRENT_PROJECT_VERSION = 1;
				GENERATE_INFOPLIST_FILE = YES;
				IPHONEOS_DEPLOYMENT_TARGET = 17.4;
				MARKETING_VERSION = 1.0;
				PRODUCT_BUNDLE_IDENTIFIER = Neoguri.ToDoGeoTests;
				PRODUCT_NAME = "$(TARGET_NAME)";
				SWIFT_EMIT_LOC_STRINGS = NO;
				SWIFT_VERSION = 5.0;
				TARGETED_DEVICE_FAMILY = "1,2";
				TEST_HOST = "$(BUILT_PRODUCTS_DIR)/ToDoGeo.app/$(BUNDLE_EXECUTABLE_FOLDER_PATH)/ToDoGeo";
			};
			name = Release;
		};
		A4B884362BCA1AB3005F79D4 /* Debug */ = {
			isa = XCBuildConfiguration;
			buildSettings = {
				ALWAYS_EMBED_SWIFT_STANDARD_LIBRARIES = YES;
				CODE_SIGN_STYLE = Automatic;
				CURRENT_PROJECT_VERSION = 1;
				GENERATE_INFOPLIST_FILE = YES;
				MARKETING_VERSION = 1.0;
				PRODUCT_BUNDLE_IDENTIFIER = Neoguri.ToDoGeoUITests;
				PRODUCT_NAME = "$(TARGET_NAME)";
				SWIFT_EMIT_LOC_STRINGS = NO;
				SWIFT_VERSION = 5.0;
				TARGETED_DEVICE_FAMILY = "1,2";
				TEST_TARGET_NAME = ToDoGeo;
			};
			name = Debug;
		};
		A4B884372BCA1AB3005F79D4 /* Release */ = {
			isa = XCBuildConfiguration;
			buildSettings = {
				ALWAYS_EMBED_SWIFT_STANDARD_LIBRARIES = YES;
				CODE_SIGN_STYLE = Automatic;
				CURRENT_PROJECT_VERSION = 1;
				GENERATE_INFOPLIST_FILE = YES;
				MARKETING_VERSION = 1.0;
				PRODUCT_BUNDLE_IDENTIFIER = Neoguri.ToDoGeoUITests;
				PRODUCT_NAME = "$(TARGET_NAME)";
				SWIFT_EMIT_LOC_STRINGS = NO;
				SWIFT_VERSION = 5.0;
				TARGETED_DEVICE_FAMILY = "1,2";
				TEST_TARGET_NAME = ToDoGeo;
			};
			name = Release;
		};
/* End XCBuildConfiguration section */

/* Begin XCConfigurationList section */
		A4B883FD2BCA1AB2005F79D4 /* Build configuration list for PBXProject "ToDoGeo" */ = {
			isa = XCConfigurationList;
			buildConfigurations = (
				A4B8842D2BCA1AB3005F79D4 /* Debug */,
				A4B8842E2BCA1AB3005F79D4 /* Release */,
			);
			defaultConfigurationIsVisible = 0;
			defaultConfigurationName = Release;
		};
		A4B8842F2BCA1AB3005F79D4 /* Build configuration list for PBXNativeTarget "ToDoGeo" */ = {
			isa = XCConfigurationList;
			buildConfigurations = (
				A4B884302BCA1AB3005F79D4 /* Debug */,
				A4B884312BCA1AB3005F79D4 /* Release */,
			);
			defaultConfigurationIsVisible = 0;
			defaultConfigurationName = Release;
		};
		A4B884322BCA1AB3005F79D4 /* Build configuration list for PBXNativeTarget "ToDoGeoTests" */ = {
			isa = XCConfigurationList;
			buildConfigurations = (
				A4B884332BCA1AB3005F79D4 /* Debug */,
				A4B884342BCA1AB3005F79D4 /* Release */,
			);
			defaultConfigurationIsVisible = 0;
			defaultConfigurationName = Release;
		};
		A4B884352BCA1AB3005F79D4 /* Build configuration list for PBXNativeTarget "ToDoGeoUITests" */ = {
			isa = XCConfigurationList;
			buildConfigurations = (
				A4B884362BCA1AB3005F79D4 /* Debug */,
				A4B884372BCA1AB3005F79D4 /* Release */,
			);
			defaultConfigurationIsVisible = 0;
			defaultConfigurationName = Release;
		};
/* End XCConfigurationList section */

/* Begin XCRemoteSwiftPackageReference section */
		A4AA82942BCA7A2F00800468 /* XCRemoteSwiftPackageReference "RxSwift" */ = {
			isa = XCRemoteSwiftPackageReference;
			repositoryURL = "https://github.com/ReactiveX/RxSwift.git";
			requirement = {
				kind = upToNextMajorVersion;
				minimumVersion = 6.6.0;
			};
		};
		A4AA82972BCA7A4100800468 /* XCRemoteSwiftPackageReference "ReactorKit" */ = {
			isa = XCRemoteSwiftPackageReference;
			repositoryURL = "https://github.com/ReactorKit/ReactorKit.git";
			requirement = {
				kind = upToNextMajorVersion;
				minimumVersion = 3.2.0;
			};
		};
		A4AA82A62BD4FC2D00800468 /* XCRemoteSwiftPackageReference "RxFlow" */ = {
			isa = XCRemoteSwiftPackageReference;
			repositoryURL = "https://github.com/RxSwiftCommunity/RxFlow.git";
			requirement = {
				kind = upToNextMajorVersion;
				minimumVersion = 2.13.0;
			};
		};
/* End XCRemoteSwiftPackageReference section */

/* Begin XCSwiftPackageProductDependency section */
		A4AA82952BCA7A2F00800468 /* RxCocoa */ = {
			isa = XCSwiftPackageProductDependency;
			package = A4AA82942BCA7A2F00800468 /* XCRemoteSwiftPackageReference "RxSwift" */;
			productName = RxCocoa;
		};
		A4AA82982BCA7A4100800468 /* ReactorKit */ = {
			isa = XCSwiftPackageProductDependency;
			package = A4AA82972BCA7A4100800468 /* XCRemoteSwiftPackageReference "ReactorKit" */;
			productName = ReactorKit;
		};
		A4AA82A72BD4FC2D00800468 /* RxFlow */ = {
			isa = XCSwiftPackageProductDependency;
			package = A4AA82A62BD4FC2D00800468 /* XCRemoteSwiftPackageReference "RxFlow" */;
			productName = RxFlow;
		};
/* End XCSwiftPackageProductDependency section */

/* Begin XCVersionGroup section */
		A4B8840E2BCA1AB2005F79D4 /* ToDoGeo.xcdatamodeld */ = {
			isa = XCVersionGroup;
			children = (
				A4B8840F2BCA1AB2005F79D4 /* ToDoGeo.xcdatamodel */,
			);
			currentVersion = A4B8840F2BCA1AB2005F79D4 /* ToDoGeo.xcdatamodel */;
			path = ToDoGeo.xcdatamodeld;
			sourceTree = "<group>";
			versionGroupType = wrapper.xcdatamodel;
		};
/* End XCVersionGroup section */
	};
	rootObject = A4B883FA2BCA1AB2005F79D4 /* Project object */;
}
