// !$*UTF8*$!
{
	archiveVersion = 1;
	classes = {
	};
	objectVersion = 56;
	objects = {

/* Begin PBXBuildFile section */
		05DF3D1C2C353B380046E8FB /* FirebaseDatabase in Frameworks */ = {isa = PBXBuildFile; productRef = 05DF3D1B2C353B380046E8FB /* FirebaseDatabase */; };
		05DF3D1E2C353EEA0046E8FB /* FireBaseAuthError.swift in Sources */ = {isa = PBXBuildFile; fileRef = 05DF3D1D2C353EEA0046E8FB /* FireBaseAuthError.swift */; };
		05FB0CBB2C3D54B100F1D94A /* GetToDoUseCaseProtocol.swift in Sources */ = {isa = PBXBuildFile; fileRef = 05FB0CBA2C3D54B100F1D94A /* GetToDoUseCaseProtocol.swift */; };
		05FB0CBD2C3D550000F1D94A /* GetToDoUseCase.swift in Sources */ = {isa = PBXBuildFile; fileRef = 05FB0CBC2C3D550000F1D94A /* GetToDoUseCase.swift */; };
		05FB0CC22C3D5AA000F1D94A /* ToDos.swift in Sources */ = {isa = PBXBuildFile; fileRef = 05FB0CC12C3D5AA000F1D94A /* ToDos.swift */; };
		A40B66292C3443C800A093AF /* AddToDoUseCaseProtocol.swift in Sources */ = {isa = PBXBuildFile; fileRef = A40B66282C3443C800A093AF /* AddToDoUseCaseProtocol.swift */; };
		A40B662B2C34440400A093AF /* StubAddToDoUseCase.swift in Sources */ = {isa = PBXBuildFile; fileRef = A40B662A2C34440400A093AF /* StubAddToDoUseCase.swift */; };
		A40B662D2C34441B00A093AF /* ToDoRepositoryProtocol.swift in Sources */ = {isa = PBXBuildFile; fileRef = A40B662C2C34441B00A093AF /* ToDoRepositoryProtocol.swift */; };
		A40B662F2C3448F300A093AF /* AddToDoUseCase.swift in Sources */ = {isa = PBXBuildFile; fileRef = A40B662E2C3448F300A093AF /* AddToDoUseCase.swift */; };
		A40B66312C344BFC00A093AF /* ToDoRepository.swift in Sources */ = {isa = PBXBuildFile; fileRef = A40B66302C344BFC00A093AF /* ToDoRepository.swift */; };
		A4355BF82C19CF2A002B210D /* SignInUseCaseProtocol.swift in Sources */ = {isa = PBXBuildFile; fileRef = A4355BF72C19CF2A002B210D /* SignInUseCaseProtocol.swift */; };
		A4355BFB2C19DCB5002B210D /* SignInUser.swift in Sources */ = {isa = PBXBuildFile; fileRef = A4355BFA2C19DCB5002B210D /* SignInUser.swift */; };
		A4355BFF2C19E244002B210D /* StubSignInUseCase.swift in Sources */ = {isa = PBXBuildFile; fileRef = A4355BFE2C19E244002B210D /* StubSignInUseCase.swift */; };
		A4355C012C19E26F002B210D /* SignInRepositoryProtocol.swift in Sources */ = {isa = PBXBuildFile; fileRef = A4355C002C19E26F002B210D /* SignInRepositoryProtocol.swift */; };
		A4355C042C19E28E002B210D /* SignInUseCase.swift in Sources */ = {isa = PBXBuildFile; fileRef = A4355C032C19E28E002B210D /* SignInUseCase.swift */; };
		A4355C062C19E67F002B210D /* SignInRepository.swift in Sources */ = {isa = PBXBuildFile; fileRef = A4355C052C19E67F002B210D /* SignInRepository.swift */; };
		A4355C092C1A6086002B210D /* AppleSignInError.swift in Sources */ = {isa = PBXBuildFile; fileRef = A4355C082C1A6086002B210D /* AppleSignInError.swift */; };
		A4355C0C2C1C2513002B210D /* Constant.swift in Sources */ = {isa = PBXBuildFile; fileRef = A4355C0B2C1C2512002B210D /* Constant.swift */; };
		A4671B502C1F082A00AFE7B2 /* LocationManger.swift in Sources */ = {isa = PBXBuildFile; fileRef = A4671B4F2C1F082A00AFE7B2 /* LocationManger.swift */; };
		A48D48B12BE13168004867C6 /* Alamofire in Frameworks */ = {isa = PBXBuildFile; productRef = A48D48B02BE13168004867C6 /* Alamofire */; };
		A48D48B32BE1319D004867C6 /* API.swift in Sources */ = {isa = PBXBuildFile; fileRef = A48D48B22BE1319D004867C6 /* API.swift */; };
		A48D48B52BE131AC004867C6 /* Target.swift in Sources */ = {isa = PBXBuildFile; fileRef = A48D48B42BE131AC004867C6 /* Target.swift */; };
		A48D48B72BE131B4004867C6 /* APIService.swift in Sources */ = {isa = PBXBuildFile; fileRef = A48D48B62BE131B4004867C6 /* APIService.swift */; };
		A48D48B92BE131CB004867C6 /* NetworkEventLogger.swift in Sources */ = {isa = PBXBuildFile; fileRef = A48D48B82BE131CB004867C6 /* NetworkEventLogger.swift */; };
		A48D48BB2BE5D852004867C6 /* GoogleService-Info.plist in Resources */ = {isa = PBXBuildFile; fileRef = A48D48BA2BE5D852004867C6 /* GoogleService-Info.plist */; };
		A48D48BE2BE5D895004867C6 /* FirebaseAnalytics in Frameworks */ = {isa = PBXBuildFile; productRef = A48D48BD2BE5D895004867C6 /* FirebaseAnalytics */; };
		A48D48C02BE5D895004867C6 /* FirebaseAnalyticsSwift in Frameworks */ = {isa = PBXBuildFile; productRef = A48D48BF2BE5D895004867C6 /* FirebaseAnalyticsSwift */; };
		A48D48C22BE5D895004867C6 /* FirebaseAuth in Frameworks */ = {isa = PBXBuildFile; productRef = A48D48C12BE5D895004867C6 /* FirebaseAuth */; };
		A48D48CA2BE760D5004867C6 /* Utility.swift in Sources */ = {isa = PBXBuildFile; fileRef = A48D48C92BE760D5004867C6 /* Utility.swift */; };
		A48D48CE2BECDCC3004867C6 /* RegExConstant.swift in Sources */ = {isa = PBXBuildFile; fileRef = A48D48CD2BECDCC3004867C6 /* RegExConstant.swift */; };
		A48D48D12BECDEC3004867C6 /* PinLayout in Frameworks */ = {isa = PBXBuildFile; productRef = A48D48D02BECDEC3004867C6 /* PinLayout */; };
		A48D48D42BECDEF4004867C6 /* FlexLayout in Frameworks */ = {isa = PBXBuildFile; productRef = A48D48D32BECDEF4004867C6 /* FlexLayout */; };
		A48D48D62BEDEC7F004867C6 /* AlertManager.swift in Sources */ = {isa = PBXBuildFile; fileRef = A48D48D52BEDEC7F004867C6 /* AlertManager.swift */; };
		A48D48D92BEDF90B004867C6 /* UIApplicationExtension.swift in Sources */ = {isa = PBXBuildFile; fileRef = A48D48D82BEDF90B004867C6 /* UIApplicationExtension.swift */; };
		A48D48DB2BEDF953004867C6 /* UIViewControllerExtension.swift in Sources */ = {isa = PBXBuildFile; fileRef = A48D48DA2BEDF953004867C6 /* UIViewControllerExtension.swift */; };
		A4A58CF62C31319000866A0A /* ToDoTextFieldError.swift in Sources */ = {isa = PBXBuildFile; fileRef = A4A58CF52C31319000866A0A /* ToDoTextFieldError.swift */; };
		A4A58CF82C31499C00866A0A /* AddToDoReactorTests.swift in Sources */ = {isa = PBXBuildFile; fileRef = A4A58CF72C31499C00866A0A /* AddToDoReactorTests.swift */; };
		A4AA82962BCA7A2F00800468 /* RxCocoa in Frameworks */ = {isa = PBXBuildFile; productRef = A4AA82952BCA7A2F00800468 /* RxCocoa */; };
		A4AA82992BCA7A4100800468 /* ReactorKit in Frameworks */ = {isa = PBXBuildFile; productRef = A4AA82982BCA7A4100800468 /* ReactorKit */; };
		A4AA82A82BD4FC2D00800468 /* RxFlow in Frameworks */ = {isa = PBXBuildFile; productRef = A4AA82A72BD4FC2D00800468 /* RxFlow */; };
		A4AA82AA2BD500AE00800468 /* AppFlow.swift in Sources */ = {isa = PBXBuildFile; fileRef = A4AA82A92BD500AE00800468 /* AppFlow.swift */; };
		A4AA82AC2BD5067900800468 /* AppStepper.swift in Sources */ = {isa = PBXBuildFile; fileRef = A4AA82AB2BD5067800800468 /* AppStepper.swift */; };
		A4AA82AE2BD506D000800468 /* AppStep.swift in Sources */ = {isa = PBXBuildFile; fileRef = A4AA82AD2BD506D000800468 /* AppStep.swift */; };
		A4AA82B02BD50BB500800468 /* SignInFlow.swift in Sources */ = {isa = PBXBuildFile; fileRef = A4AA82AF2BD50BB500800468 /* SignInFlow.swift */; };
		A4AA82B22BD50BBE00800468 /* ToDoFlow.swift in Sources */ = {isa = PBXBuildFile; fileRef = A4AA82B12BD50BBE00800468 /* ToDoFlow.swift */; };
		A4AA82B42BD52ADC00800468 /* AddToDoViewController.swift in Sources */ = {isa = PBXBuildFile; fileRef = A4AA82B32BD52ADC00800468 /* AddToDoViewController.swift */; };
		A4AA82B62BD52B1D00800468 /* SignInViewController.swift in Sources */ = {isa = PBXBuildFile; fileRef = A4AA82B52BD52B1D00800468 /* SignInViewController.swift */; };
		A4AA82B82BD52FE700800468 /* AddToDoReactor.swift in Sources */ = {isa = PBXBuildFile; fileRef = A4AA82B72BD52FE700800468 /* AddToDoReactor.swift */; };
		A4AA82BA2BD5308700800468 /* SignInReactor.swift in Sources */ = {isa = PBXBuildFile; fileRef = A4AA82B92BD5308700800468 /* SignInReactor.swift */; };
		A4B884062BCA1AB2005F79D4 /* AppDelegate.swift in Sources */ = {isa = PBXBuildFile; fileRef = A4B884052BCA1AB2005F79D4 /* AppDelegate.swift */; };
		A4B884082BCA1AB2005F79D4 /* SceneDelegate.swift in Sources */ = {isa = PBXBuildFile; fileRef = A4B884072BCA1AB2005F79D4 /* SceneDelegate.swift */; };
		A4B884102BCA1AB2005F79D4 /* ToDoGeo.xcdatamodeld in Sources */ = {isa = PBXBuildFile; fileRef = A4B8840E2BCA1AB2005F79D4 /* ToDoGeo.xcdatamodeld */; };
		A4B884122BCA1AB2005F79D4 /* Assets.xcassets in Resources */ = {isa = PBXBuildFile; fileRef = A4B884112BCA1AB2005F79D4 /* Assets.xcassets */; };
		A4B884152BCA1AB2005F79D4 /* Base in Resources */ = {isa = PBXBuildFile; fileRef = A4B884142BCA1AB2005F79D4 /* Base */; };
		A4B8842A2BCA1AB3005F79D4 /* ToDoGeoUITests.swift in Sources */ = {isa = PBXBuildFile; fileRef = A4B884292BCA1AB3005F79D4 /* ToDoGeoUITests.swift */; };
		A4B8842C2BCA1AB3005F79D4 /* ToDoGeoUITestsLaunchTests.swift in Sources */ = {isa = PBXBuildFile; fileRef = A4B8842B2BCA1AB3005F79D4 /* ToDoGeoUITestsLaunchTests.swift */; };
		A4D3D6812C1D875000FC8EA7 /* ToDo.swift in Sources */ = {isa = PBXBuildFile; fileRef = A4D3D6802C1D875000FC8EA7 /* ToDo.swift */; };
/* End PBXBuildFile section */

/* Begin PBXContainerItemProxy section */
		A4B8841C2BCA1AB3005F79D4 /* PBXContainerItemProxy */ = {
			isa = PBXContainerItemProxy;
			containerPortal = A4B883FA2BCA1AB2005F79D4 /* Project object */;
			proxyType = 1;
			remoteGlobalIDString = A4B884012BCA1AB2005F79D4;
			remoteInfo = ToDoGeo;
		};
		A4B884262BCA1AB3005F79D4 /* PBXContainerItemProxy */ = {
			isa = PBXContainerItemProxy;
			containerPortal = A4B883FA2BCA1AB2005F79D4 /* Project object */;
			proxyType = 1;
			remoteGlobalIDString = A4B884012BCA1AB2005F79D4;
			remoteInfo = ToDoGeo;
		};
/* End PBXContainerItemProxy section */

/* Begin PBXFileReference section */
		05DF3D1D2C353EEA0046E8FB /* FireBaseAuthError.swift */ = {isa = PBXFileReference; lastKnownFileType = sourcecode.swift; path = FireBaseAuthError.swift; sourceTree = "<group>"; };
		05FB0CBA2C3D54B100F1D94A /* GetToDoUseCaseProtocol.swift */ = {isa = PBXFileReference; lastKnownFileType = sourcecode.swift; name = GetToDoUseCaseProtocol.swift; path = UseCase/ToDo/Protocol/GetToDoUseCaseProtocol.swift; sourceTree = SOURCE_ROOT; };
		05FB0CBC2C3D550000F1D94A /* GetToDoUseCase.swift */ = {isa = PBXFileReference; lastKnownFileType = sourcecode.swift; name = GetToDoUseCase.swift; path = UseCase/ToDo/GetToDoUseCase.swift; sourceTree = SOURCE_ROOT; };
		05FB0CC12C3D5AA000F1D94A /* ToDos.swift */ = {isa = PBXFileReference; lastKnownFileType = sourcecode.swift; name = ToDos.swift; path = Entity/Todo/ToDos.swift; sourceTree = SOURCE_ROOT; };
		A40B66282C3443C800A093AF /* AddToDoUseCaseProtocol.swift */ = {isa = PBXFileReference; lastKnownFileType = sourcecode.swift; name = AddToDoUseCaseProtocol.swift; path = UseCase/ToDo/Protocol/AddToDoUseCaseProtocol.swift; sourceTree = SOURCE_ROOT; };
		A40B662A2C34440400A093AF /* StubAddToDoUseCase.swift */ = {isa = PBXFileReference; lastKnownFileType = sourcecode.swift; name = StubAddToDoUseCase.swift; path = UseCase/ToDo/Stub/StubAddToDoUseCase.swift; sourceTree = SOURCE_ROOT; };
		A40B662C2C34441B00A093AF /* ToDoRepositoryProtocol.swift */ = {isa = PBXFileReference; lastKnownFileType = sourcecode.swift; name = ToDoRepositoryProtocol.swift; path = Repository/Protocol/ToDoRepositoryProtocol.swift; sourceTree = SOURCE_ROOT; };
		A40B662E2C3448F300A093AF /* AddToDoUseCase.swift */ = {isa = PBXFileReference; lastKnownFileType = sourcecode.swift; name = AddToDoUseCase.swift; path = UseCase/ToDo/AddToDoUseCase.swift; sourceTree = SOURCE_ROOT; };
		A40B66302C344BFC00A093AF /* ToDoRepository.swift */ = {isa = PBXFileReference; lastKnownFileType = sourcecode.swift; name = ToDoRepository.swift; path = Repository/ToDoRepository.swift; sourceTree = SOURCE_ROOT; };
		A4355BF72C19CF2A002B210D /* SignInUseCaseProtocol.swift */ = {isa = PBXFileReference; lastKnownFileType = sourcecode.swift; name = SignInUseCaseProtocol.swift; path = UseCase/SignIn/Protocol/SignInUseCaseProtocol.swift; sourceTree = SOURCE_ROOT; };
		A4355BFA2C19DCB5002B210D /* SignInUser.swift */ = {isa = PBXFileReference; lastKnownFileType = sourcecode.swift; name = SignInUser.swift; path = Entity/SignIn/SignInUser.swift; sourceTree = SOURCE_ROOT; };
		A4355BFE2C19E244002B210D /* StubSignInUseCase.swift */ = {isa = PBXFileReference; lastKnownFileType = sourcecode.swift; name = StubSignInUseCase.swift; path = UseCase/SignIn/Stub/StubSignInUseCase.swift; sourceTree = SOURCE_ROOT; };
		A4355C002C19E26F002B210D /* SignInRepositoryProtocol.swift */ = {isa = PBXFileReference; lastKnownFileType = sourcecode.swift; name = SignInRepositoryProtocol.swift; path = Repository/Protocol/SignInRepositoryProtocol.swift; sourceTree = SOURCE_ROOT; };
		A4355C032C19E28E002B210D /* SignInUseCase.swift */ = {isa = PBXFileReference; lastKnownFileType = sourcecode.swift; name = SignInUseCase.swift; path = UseCase/SignIn/SignInUseCase.swift; sourceTree = SOURCE_ROOT; };
		A4355C052C19E67F002B210D /* SignInRepository.swift */ = {isa = PBXFileReference; lastKnownFileType = sourcecode.swift; name = SignInRepository.swift; path = Repository/SignInRepository.swift; sourceTree = SOURCE_ROOT; };
		A4355C082C1A6086002B210D /* AppleSignInError.swift */ = {isa = PBXFileReference; lastKnownFileType = sourcecode.swift; path = AppleSignInError.swift; sourceTree = "<group>"; };
		A4355C0B2C1C2512002B210D /* Constant.swift */ = {isa = PBXFileReference; lastKnownFileType = sourcecode.swift; path = Constant.swift; sourceTree = "<group>"; };
		A4355C0D2C1C2A03002B210D /* ToDoGeo.entitlements */ = {isa = PBXFileReference; lastKnownFileType = text.plist.entitlements; path = ToDoGeo.entitlements; sourceTree = "<group>"; };
		A4671B4F2C1F082A00AFE7B2 /* LocationManger.swift */ = {isa = PBXFileReference; lastKnownFileType = sourcecode.swift; path = LocationManger.swift; sourceTree = "<group>"; };
		A48D48B22BE1319D004867C6 /* API.swift */ = {isa = PBXFileReference; lastKnownFileType = sourcecode.swift; name = API.swift; path = ToDoGeo/Presenter/Flows/API.swift; sourceTree = SOURCE_ROOT; };
		A48D48B42BE131AC004867C6 /* Target.swift */ = {isa = PBXFileReference; lastKnownFileType = sourcecode.swift; name = Target.swift; path = ToDoGeo/Presenter/Flows/Target.swift; sourceTree = SOURCE_ROOT; };
		A48D48B62BE131B4004867C6 /* APIService.swift */ = {isa = PBXFileReference; lastKnownFileType = sourcecode.swift; name = APIService.swift; path = ToDoGeo/Presenter/Flows/APIService.swift; sourceTree = SOURCE_ROOT; };
		A48D48B82BE131CB004867C6 /* NetworkEventLogger.swift */ = {isa = PBXFileReference; lastKnownFileType = sourcecode.swift; name = NetworkEventLogger.swift; path = ToDoGeo/Presenter/Flows/NetworkEventLogger.swift; sourceTree = SOURCE_ROOT; };
		A48D48BA2BE5D852004867C6 /* GoogleService-Info.plist */ = {isa = PBXFileReference; fileEncoding = 4; lastKnownFileType = text.plist.xml; path = "GoogleService-Info.plist"; sourceTree = "<group>"; };
		A48D48C92BE760D5004867C6 /* Utility.swift */ = {isa = PBXFileReference; lastKnownFileType = sourcecode.swift; path = Utility.swift; sourceTree = "<group>"; };
		A48D48CD2BECDCC3004867C6 /* RegExConstant.swift */ = {isa = PBXFileReference; lastKnownFileType = sourcecode.swift; path = RegExConstant.swift; sourceTree = "<group>"; };
		A48D48D52BEDEC7F004867C6 /* AlertManager.swift */ = {isa = PBXFileReference; lastKnownFileType = sourcecode.swift; path = AlertManager.swift; sourceTree = "<group>"; };
		A48D48D82BEDF90B004867C6 /* UIApplicationExtension.swift */ = {isa = PBXFileReference; lastKnownFileType = sourcecode.swift; path = UIApplicationExtension.swift; sourceTree = "<group>"; };
		A48D48DA2BEDF953004867C6 /* UIViewControllerExtension.swift */ = {isa = PBXFileReference; lastKnownFileType = sourcecode.swift; path = UIViewControllerExtension.swift; sourceTree = "<group>"; };
		A4A58CF52C31319000866A0A /* ToDoTextFieldError.swift */ = {isa = PBXFileReference; lastKnownFileType = sourcecode.swift; path = ToDoTextFieldError.swift; sourceTree = "<group>"; };
		A4A58CF72C31499C00866A0A /* AddToDoReactorTests.swift */ = {isa = PBXFileReference; lastKnownFileType = sourcecode.swift; path = AddToDoReactorTests.swift; sourceTree = "<group>"; };
		A4AA82A92BD500AE00800468 /* AppFlow.swift */ = {isa = PBXFileReference; lastKnownFileType = sourcecode.swift; path = AppFlow.swift; sourceTree = "<group>"; };
		A4AA82AB2BD5067800800468 /* AppStepper.swift */ = {isa = PBXFileReference; lastKnownFileType = sourcecode.swift; path = AppStepper.swift; sourceTree = "<group>"; };
		A4AA82AD2BD506D000800468 /* AppStep.swift */ = {isa = PBXFileReference; lastKnownFileType = sourcecode.swift; path = AppStep.swift; sourceTree = "<group>"; };
		A4AA82AF2BD50BB500800468 /* SignInFlow.swift */ = {isa = PBXFileReference; lastKnownFileType = sourcecode.swift; path = SignInFlow.swift; sourceTree = "<group>"; };
		A4AA82B12BD50BBE00800468 /* ToDoFlow.swift */ = {isa = PBXFileReference; lastKnownFileType = sourcecode.swift; path = ToDoFlow.swift; sourceTree = "<group>"; };
		A4AA82B32BD52ADC00800468 /* AddToDoViewController.swift */ = {isa = PBXFileReference; lastKnownFileType = sourcecode.swift; path = AddToDoViewController.swift; sourceTree = "<group>"; };
		A4AA82B52BD52B1D00800468 /* SignInViewController.swift */ = {isa = PBXFileReference; lastKnownFileType = sourcecode.swift; path = SignInViewController.swift; sourceTree = "<group>"; };
		A4AA82B72BD52FE700800468 /* AddToDoReactor.swift */ = {isa = PBXFileReference; lastKnownFileType = sourcecode.swift; path = AddToDoReactor.swift; sourceTree = "<group>"; };
		A4AA82B92BD5308700800468 /* SignInReactor.swift */ = {isa = PBXFileReference; lastKnownFileType = sourcecode.swift; path = SignInReactor.swift; sourceTree = "<group>"; };
		A4B884022BCA1AB2005F79D4 /* ToDoGeo.app */ = {isa = PBXFileReference; explicitFileType = wrapper.application; includeInIndex = 0; path = ToDoGeo.app; sourceTree = BUILT_PRODUCTS_DIR; };
		A4B884052BCA1AB2005F79D4 /* AppDelegate.swift */ = {isa = PBXFileReference; lastKnownFileType = sourcecode.swift; path = AppDelegate.swift; sourceTree = "<group>"; };
		A4B884072BCA1AB2005F79D4 /* SceneDelegate.swift */ = {isa = PBXFileReference; lastKnownFileType = sourcecode.swift; path = SceneDelegate.swift; sourceTree = "<group>"; };
		A4B8840F2BCA1AB2005F79D4 /* ToDoGeo.xcdatamodel */ = {isa = PBXFileReference; lastKnownFileType = wrapper.xcdatamodel; path = ToDoGeo.xcdatamodel; sourceTree = "<group>"; };
		A4B884112BCA1AB2005F79D4 /* Assets.xcassets */ = {isa = PBXFileReference; lastKnownFileType = folder.assetcatalog; path = Assets.xcassets; sourceTree = "<group>"; };
		A4B884142BCA1AB2005F79D4 /* Base */ = {isa = PBXFileReference; lastKnownFileType = file.storyboard; name = Base; path = Base.lproj/LaunchScreen.storyboard; sourceTree = "<group>"; };
		A4B884162BCA1AB2005F79D4 /* Info.plist */ = {isa = PBXFileReference; lastKnownFileType = text.plist.xml; path = Info.plist; sourceTree = "<group>"; };
		A4B8841B2BCA1AB3005F79D4 /* ToDoGeoTests.xctest */ = {isa = PBXFileReference; explicitFileType = wrapper.cfbundle; includeInIndex = 0; path = ToDoGeoTests.xctest; sourceTree = BUILT_PRODUCTS_DIR; };
		A4B884252BCA1AB3005F79D4 /* ToDoGeoUITests.xctest */ = {isa = PBXFileReference; explicitFileType = wrapper.cfbundle; includeInIndex = 0; path = ToDoGeoUITests.xctest; sourceTree = BUILT_PRODUCTS_DIR; };
		A4B884292BCA1AB3005F79D4 /* ToDoGeoUITests.swift */ = {isa = PBXFileReference; lastKnownFileType = sourcecode.swift; path = ToDoGeoUITests.swift; sourceTree = "<group>"; };
		A4B8842B2BCA1AB3005F79D4 /* ToDoGeoUITestsLaunchTests.swift */ = {isa = PBXFileReference; lastKnownFileType = sourcecode.swift; path = ToDoGeoUITestsLaunchTests.swift; sourceTree = "<group>"; };
		A4D3D6802C1D875000FC8EA7 /* ToDo.swift */ = {isa = PBXFileReference; lastKnownFileType = sourcecode.swift; name = ToDo.swift; path = Entity/Todo/ToDo.swift; sourceTree = SOURCE_ROOT; };
/* End PBXFileReference section */

/* Begin PBXFrameworksBuildPhase section */
		A4B883FF2BCA1AB2005F79D4 /* Frameworks */ = {
			isa = PBXFrameworksBuildPhase;
			buildActionMask = 2147483647;
			files = (
				05DF3D1C2C353B380046E8FB /* FirebaseDatabase in Frameworks */,
				A4AA82A82BD4FC2D00800468 /* RxFlow in Frameworks */,
				A48D48C22BE5D895004867C6 /* FirebaseAuth in Frameworks */,
				A48D48B12BE13168004867C6 /* Alamofire in Frameworks */,
				A4AA82992BCA7A4100800468 /* ReactorKit in Frameworks */,
				A48D48BE2BE5D895004867C6 /* FirebaseAnalytics in Frameworks */,
				A4AA82962BCA7A2F00800468 /* RxCocoa in Frameworks */,
				A48D48D12BECDEC3004867C6 /* PinLayout in Frameworks */,
				A48D48C02BE5D895004867C6 /* FirebaseAnalyticsSwift in Frameworks */,
				A48D48D42BECDEF4004867C6 /* FlexLayout in Frameworks */,
			);
			runOnlyForDeploymentPostprocessing = 0;
		};
		A4B884182BCA1AB3005F79D4 /* Frameworks */ = {
			isa = PBXFrameworksBuildPhase;
			buildActionMask = 2147483647;
			files = (
			);
			runOnlyForDeploymentPostprocessing = 0;
		};
		A4B884222BCA1AB3005F79D4 /* Frameworks */ = {
			isa = PBXFrameworksBuildPhase;
			buildActionMask = 2147483647;
			files = (
			);
			runOnlyForDeploymentPostprocessing = 0;
		};
/* End PBXFrameworksBuildPhase section */

/* Begin PBXGroup section */
		05DF3D1A2C353B380046E8FB /* Frameworks */ = {
			isa = PBXGroup;
			children = (
			);
			name = Frameworks;
			sourceTree = "<group>";
		};
		05FB0CBE2C3D592700F1D94A /* FireBaseDataBase */ = {
			isa = PBXGroup;
			children = (
			);
			path = FireBaseDataBase;
			sourceTree = "<group>";
		};
		A40B66252C3443A400A093AF /* ToDo */ = {
			isa = PBXGroup;
			children = (
				A40B66272C3443B600A093AF /* Stub */,
				A40B66262C3443AE00A093AF /* Protocol */,
				A40B662E2C3448F300A093AF /* AddToDoUseCase.swift */,
				05FB0CBC2C3D550000F1D94A /* GetToDoUseCase.swift */,
			);
			path = ToDo;
			sourceTree = "<group>";
		};
		A40B66262C3443AE00A093AF /* Protocol */ = {
			isa = PBXGroup;
			children = (
				A40B66282C3443C800A093AF /* AddToDoUseCaseProtocol.swift */,
				05FB0CBA2C3D54B100F1D94A /* GetToDoUseCaseProtocol.swift */,
			);
			path = Protocol;
			sourceTree = "<group>";
		};
		A40B66272C3443B600A093AF /* Stub */ = {
			isa = PBXGroup;
			children = (
				A40B662A2C34440400A093AF /* StubAddToDoUseCase.swift */,
			);
			path = Stub;
			sourceTree = "<group>";
		};
		A4355BF62C19CF18002B210D /* Protocol */ = {
			isa = PBXGroup;
			children = (
				A4355BF72C19CF2A002B210D /* SignInUseCaseProtocol.swift */,
			);
			path = Protocol;
			sourceTree = "<group>";
		};
		A4355BF92C19DC9C002B210D /* SignIn */ = {
			isa = PBXGroup;
			children = (
				A4355BFA2C19DCB5002B210D /* SignInUser.swift */,
			);
			path = SignIn;
			sourceTree = "<group>";
		};
		A4355BFC2C19E1EC002B210D /* SignIn */ = {
			isa = PBXGroup;
			children = (
				A4355BFD2C19E22E002B210D /* Stub */,
				A4355BF62C19CF18002B210D /* Protocol */,
				A4355C032C19E28E002B210D /* SignInUseCase.swift */,
			);
			path = SignIn;
			sourceTree = "<group>";
		};
		A4355BFD2C19E22E002B210D /* Stub */ = {
			isa = PBXGroup;
			children = (
				A4355BFE2C19E244002B210D /* StubSignInUseCase.swift */,
			);
			path = Stub;
			sourceTree = "<group>";
		};
		A4355C022C19E277002B210D /* Protocol */ = {
			isa = PBXGroup;
			children = (
				A4355C002C19E26F002B210D /* SignInRepositoryProtocol.swift */,
				A40B662C2C34441B00A093AF /* ToDoRepositoryProtocol.swift */,
			);
			path = Protocol;
			sourceTree = "<group>";
		};
		A4355C072C1A607A002B210D /* Error */ = {
			isa = PBXGroup;
			children = (
				A4355C082C1A6086002B210D /* AppleSignInError.swift */,
				A4A58CF52C31319000866A0A /* ToDoTextFieldError.swift */,
				05DF3D1D2C353EEA0046E8FB /* FireBaseAuthError.swift */,
			);
			path = Error;
			sourceTree = "<group>";
		};
		A4355C0A2C1C2505002B210D /* Constant */ = {
			isa = PBXGroup;
			children = (
				A4355C0B2C1C2512002B210D /* Constant.swift */,
			);
			path = Constant;
			sourceTree = "<group>";
		};
		A4671B4E2C1F080A00AFE7B2 /* Location */ = {
			isa = PBXGroup;
			children = (
				A4671B4F2C1F082A00AFE7B2 /* LocationManger.swift */,
			);
			path = Location;
			sourceTree = "<group>";
		};
		A48D48C32BE5FB12004867C6 /* ReactorTests */ = {
			isa = PBXGroup;
			children = (
				A4A58CF72C31499C00866A0A /* AddToDoReactorTests.swift */,
			);
			path = ReactorTests;
			sourceTree = "<group>";
		};
		A48D48D72BEDF0B7004867C6 /* Extension */ = {
			isa = PBXGroup;
			children = (
				A48D48D82BEDF90B004867C6 /* UIApplicationExtension.swift */,
				A48D48DA2BEDF953004867C6 /* UIViewControllerExtension.swift */,
			);
			path = Extension;
			sourceTree = "<group>";
		};
		A4AA82882BCA75FE00800468 /* Data */ = {
			isa = PBXGroup;
			children = (
				A4AA829F2BCA7E8C00800468 /* Dto */,
				A4AA829E2BCA7E8000800468 /* Network */,
				A4AA829D2BCA7E7500800468 /* Repository */,
			);
			path = Data;
			sourceTree = "<group>";
		};
		A4AA82892BCA760600800468 /* Domain */ = {
			isa = PBXGroup;
			children = (
				A4AA829C2BCA7E4B00800468 /* Entity */,
				A4AA829B2BCA7E3F00800468 /* Repository */,
				A4AA829A2BCA7E3800800468 /* UseCase */,
			);
			path = Domain;
			sourceTree = "<group>";
		};
		A4AA828A2BCA760D00800468 /* Presenter */ = {
			isa = PBXGroup;
			children = (
				A4AA82A22BCBAA5700800468 /* Flows */,
				A4AA82912BCA768B00800468 /* Base */,
				A4AA82902BCA766700800468 /* Main */,
				A4AA828F2BCA766000800468 /* SignIn */,
			);
			path = Presenter;
			sourceTree = "<group>";
		};
		A4AA828B2BCA761A00800468 /* Common */ = {
			isa = PBXGroup;
			children = (
				A4355C0A2C1C2505002B210D /* Constant */,
				A4355C072C1A607A002B210D /* Error */,
				A48D48D72BEDF0B7004867C6 /* Extension */,
				A4AA828C2BCA762700800468 /* Resource */,
				A48D48C92BE760D5004867C6 /* Utility.swift */,
				A48D48CD2BECDCC3004867C6 /* RegExConstant.swift */,
				A48D48D52BEDEC7F004867C6 /* AlertManager.swift */,
			);
			path = Common;
			sourceTree = "<group>";
		};
		A4AA828C2BCA762700800468 /* Resource */ = {
			isa = PBXGroup;
			children = (
				A4B884112BCA1AB2005F79D4 /* Assets.xcassets */,
				A4B884162BCA1AB2005F79D4 /* Info.plist */,
				A48D48BA2BE5D852004867C6 /* GoogleService-Info.plist */,
			);
			path = Resource;
			sourceTree = "<group>";
		};
		A4AA828D2BCA763200800468 /* System */ = {
			isa = PBXGroup;
			children = (
				A4B884052BCA1AB2005F79D4 /* AppDelegate.swift */,
				A4B884072BCA1AB2005F79D4 /* SceneDelegate.swift */,
			);
			path = System;
			sourceTree = "<group>";
		};
		A4AA828F2BCA766000800468 /* SignIn */ = {
			isa = PBXGroup;
			children = (
				A4AA82B52BD52B1D00800468 /* SignInViewController.swift */,
				A4AA82B92BD5308700800468 /* SignInReactor.swift */,
			);
			path = SignIn;
			sourceTree = "<group>";
		};
		A4AA82902BCA766700800468 /* Main */ = {
			isa = PBXGroup;
			children = (
				A4AA82A12BCAC38C00800468 /* Map */,
				A4AA82A02BCAC37E00800468 /* ToDo */,
			);
			path = Main;
			sourceTree = "<group>";
		};
		A4AA82912BCA768B00800468 /* Base */ = {
			isa = PBXGroup;
			children = (
			);
			path = Base;
			sourceTree = "<group>";
		};
		A4AA829A2BCA7E3800800468 /* UseCase */ = {
			isa = PBXGroup;
			children = (
				A40B66252C3443A400A093AF /* ToDo */,
				A4355BFC2C19E1EC002B210D /* SignIn */,
			);
			path = UseCase;
			sourceTree = "<group>";
		};
		A4AA829B2BCA7E3F00800468 /* Repository */ = {
			isa = PBXGroup;
			children = (
				A4355C022C19E277002B210D /* Protocol */,
			);
			path = Repository;
			sourceTree = "<group>";
		};
		A4AA829C2BCA7E4B00800468 /* Entity */ = {
			isa = PBXGroup;
			children = (
				A4D3D67F2C1D873E00FC8EA7 /* Todo */,
				A4355BF92C19DC9C002B210D /* SignIn */,
			);
			path = Entity;
			sourceTree = "<group>";
		};
		A4AA829D2BCA7E7500800468 /* Repository */ = {
			isa = PBXGroup;
			children = (
				A4355C052C19E67F002B210D /* SignInRepository.swift */,
				A40B66302C344BFC00A093AF /* ToDoRepository.swift */,
			);
			path = Repository;
			sourceTree = "<group>";
		};
		A4AA829E2BCA7E8000800468 /* Network */ = {
			isa = PBXGroup;
			children = (
				A48D48B22BE1319D004867C6 /* API.swift */,
				A48D48B42BE131AC004867C6 /* Target.swift */,
				A48D48B62BE131B4004867C6 /* APIService.swift */,
				A48D48B82BE131CB004867C6 /* NetworkEventLogger.swift */,
			);
			path = Network;
			sourceTree = "<group>";
		};
		A4AA829F2BCA7E8C00800468 /* Dto */ = {
			isa = PBXGroup;
			children = (
				05FB0CBE2C3D592700F1D94A /* FireBaseDataBase */,
			);
			path = Dto;
			sourceTree = "<group>";
		};
		A4AA82A02BCAC37E00800468 /* ToDo */ = {
			isa = PBXGroup;
			children = (
				A4AA82B32BD52ADC00800468 /* AddToDoViewController.swift */,
				A4AA82B72BD52FE700800468 /* AddToDoReactor.swift */,
			);
			path = ToDo;
			sourceTree = "<group>";
		};
		A4AA82A12BCAC38C00800468 /* Map */ = {
			isa = PBXGroup;
			children = (
			);
			path = Map;
			sourceTree = "<group>";
		};
		A4AA82A22BCBAA5700800468 /* Flows */ = {
			isa = PBXGroup;
			children = (
				A4AA82A92BD500AE00800468 /* AppFlow.swift */,
				A4AA82AB2BD5067800800468 /* AppStepper.swift */,
				A4AA82AD2BD506D000800468 /* AppStep.swift */,
				A4AA82AF2BD50BB500800468 /* SignInFlow.swift */,
				A4AA82B12BD50BBE00800468 /* ToDoFlow.swift */,
			);
			path = Flows;
			sourceTree = "<group>";
		};
		A4B883F92BCA1AB2005F79D4 = {
			isa = PBXGroup;
			children = (
				A4B884042BCA1AB2005F79D4 /* ToDoGeo */,
				A4B8841E2BCA1AB3005F79D4 /* ToDoGeoTests */,
				A4B884282BCA1AB3005F79D4 /* ToDoGeoUITests */,
				A4B884032BCA1AB2005F79D4 /* Products */,
				05DF3D1A2C353B380046E8FB /* Frameworks */,
			);
			sourceTree = "<group>";
		};
		A4B884032BCA1AB2005F79D4 /* Products */ = {
			isa = PBXGroup;
			children = (
				A4B884022BCA1AB2005F79D4 /* ToDoGeo.app */,
				A4B8841B2BCA1AB3005F79D4 /* ToDoGeoTests.xctest */,
				A4B884252BCA1AB3005F79D4 /* ToDoGeoUITests.xctest */,
			);
			name = Products;
			sourceTree = "<group>";
		};
		A4B884042BCA1AB2005F79D4 /* ToDoGeo */ = {
			isa = PBXGroup;
			children = (
				A4671B4E2C1F080A00AFE7B2 /* Location */,
				A4355C0D2C1C2A03002B210D /* ToDoGeo.entitlements */,
				A4AA828D2BCA763200800468 /* System */,
				A4AA828B2BCA761A00800468 /* Common */,
				A4AA82882BCA75FE00800468 /* Data */,
				A4AA82892BCA760600800468 /* Domain */,
				A4AA828A2BCA760D00800468 /* Presenter */,
				A4B884132BCA1AB2005F79D4 /* LaunchScreen.storyboard */,
				A4B8840E2BCA1AB2005F79D4 /* ToDoGeo.xcdatamodeld */,
			);
			path = ToDoGeo;
			sourceTree = "<group>";
		};
		A4B8841E2BCA1AB3005F79D4 /* ToDoGeoTests */ = {
			isa = PBXGroup;
			children = (
				A48D48C32BE5FB12004867C6 /* ReactorTests */,
			);
			path = ToDoGeoTests;
			sourceTree = "<group>";
		};
		A4B884282BCA1AB3005F79D4 /* ToDoGeoUITests */ = {
			isa = PBXGroup;
			children = (
				A4B884292BCA1AB3005F79D4 /* ToDoGeoUITests.swift */,
				A4B8842B2BCA1AB3005F79D4 /* ToDoGeoUITestsLaunchTests.swift */,
			);
			path = ToDoGeoUITests;
			sourceTree = "<group>";
		};
		A4D3D67F2C1D873E00FC8EA7 /* Todo */ = {
			isa = PBXGroup;
			children = (
				A4D3D6802C1D875000FC8EA7 /* ToDo.swift */,
				05FB0CC12C3D5AA000F1D94A /* ToDos.swift */,
			);
			path = Todo;
			sourceTree = "<group>";
		};
/* End PBXGroup section */

/* Begin PBXNativeTarget section */
		A4B884012BCA1AB2005F79D4 /* ToDoGeo */ = {
			isa = PBXNativeTarget;
			buildConfigurationList = A4B8842F2BCA1AB3005F79D4 /* Build configuration list for PBXNativeTarget "ToDoGeo" */;
			buildPhases = (
				A4B883FE2BCA1AB2005F79D4 /* Sources */,
				A4B883FF2BCA1AB2005F79D4 /* Frameworks */,
				A4B884002BCA1AB2005F79D4 /* Resources */,
			);
			buildRules = (
			);
			dependencies = (
			);
			name = ToDoGeo;
			packageProductDependencies = (
				A4AA82952BCA7A2F00800468 /* RxCocoa */,
				A4AA82982BCA7A4100800468 /* ReactorKit */,
				A4AA82A72BD4FC2D00800468 /* RxFlow */,
				A48D48BD2BE5D895004867C6 /* FirebaseAnalytics */,
				A48D48BF2BE5D895004867C6 /* FirebaseAnalyticsSwift */,
				A48D48C12BE5D895004867C6 /* FirebaseAuth */,
				A48D48D02BECDEC3004867C6 /* PinLayout */,
				A48D48D32BECDEF4004867C6 /* FlexLayout */,
				A48D48B02BE13168004867C6 /* Alamofire */,
				05DF3D1B2C353B380046E8FB /* FirebaseDatabase */,
			);
			productName = ToDoGeo;
			productReference = A4B884022BCA1AB2005F79D4 /* ToDoGeo.app */;
			productType = "com.apple.product-type.application";
		};
		A4B8841A2BCA1AB3005F79D4 /* ToDoGeoTests */ = {
			isa = PBXNativeTarget;
			buildConfigurationList = A4B884322BCA1AB3005F79D4 /* Build configuration list for PBXNativeTarget "ToDoGeoTests" */;
			buildPhases = (
				A4B884172BCA1AB3005F79D4 /* Sources */,
				A4B884182BCA1AB3005F79D4 /* Frameworks */,
				A4B884192BCA1AB3005F79D4 /* Resources */,
			);
			buildRules = (
			);
			dependencies = (
				A4B8841D2BCA1AB3005F79D4 /* PBXTargetDependency */,
			);
			name = ToDoGeoTests;
			productName = ToDoGeoTests;
			productReference = A4B8841B2BCA1AB3005F79D4 /* ToDoGeoTests.xctest */;
			productType = "com.apple.product-type.bundle.unit-test";
		};
		A4B884242BCA1AB3005F79D4 /* ToDoGeoUITests */ = {
			isa = PBXNativeTarget;
			buildConfigurationList = A4B884352BCA1AB3005F79D4 /* Build configuration list for PBXNativeTarget "ToDoGeoUITests" */;
			buildPhases = (
				A4B884212BCA1AB3005F79D4 /* Sources */,
				A4B884222BCA1AB3005F79D4 /* Frameworks */,
				A4B884232BCA1AB3005F79D4 /* Resources */,
			);
			buildRules = (
			);
			dependencies = (
				A4B884272BCA1AB3005F79D4 /* PBXTargetDependency */,
			);
			name = ToDoGeoUITests;
			productName = ToDoGeoUITests;
			productReference = A4B884252BCA1AB3005F79D4 /* ToDoGeoUITests.xctest */;
			productType = "com.apple.product-type.bundle.ui-testing";
		};
/* End PBXNativeTarget section */

/* Begin PBXProject section */
		A4B883FA2BCA1AB2005F79D4 /* Project object */ = {
			isa = PBXProject;
			attributes = {
				BuildIndependentTargetsInParallel = 1;
				LastSwiftUpdateCheck = 1530;
				LastUpgradeCheck = 1540;
				TargetAttributes = {
					A4B884012BCA1AB2005F79D4 = {
						CreatedOnToolsVersion = 15.3;
					};
					A4B8841A2BCA1AB3005F79D4 = {
						CreatedOnToolsVersion = 15.3;
						LastSwiftMigration = 1540;
						TestTargetID = A4B884012BCA1AB2005F79D4;
					};
					A4B884242BCA1AB3005F79D4 = {
						CreatedOnToolsVersion = 15.3;
						TestTargetID = A4B884012BCA1AB2005F79D4;
					};
				};
			};
			buildConfigurationList = A4B883FD2BCA1AB2005F79D4 /* Build configuration list for PBXProject "ToDoGeo" */;
			compatibilityVersion = "Xcode 14.0";
			developmentRegion = en;
			hasScannedForEncodings = 0;
			knownRegions = (
				en,
				Base,
			);
			mainGroup = A4B883F92BCA1AB2005F79D4;
			packageReferences = (
				A4AA82942BCA7A2F00800468 /* XCRemoteSwiftPackageReference "RxSwift" */,
				A4AA82972BCA7A4100800468 /* XCRemoteSwiftPackageReference "ReactorKit" */,
				A4AA82A62BD4FC2D00800468 /* XCRemoteSwiftPackageReference "RxFlow" */,
				A48D48BC2BE5D895004867C6 /* XCRemoteSwiftPackageReference "firebase-ios-sdk" */,
				A48D48CF2BECDEC3004867C6 /* XCRemoteSwiftPackageReference "PinLayout" */,
				A48D48D22BECDEF4004867C6 /* XCRemoteSwiftPackageReference "FlexLayout" */,
				A48D48AF2BE13168004867C6 /* XCRemoteSwiftPackageReference "Alamofire" */,
			);
			productRefGroup = A4B884032BCA1AB2005F79D4 /* Products */;
			projectDirPath = "";
			projectRoot = "";
			targets = (
				A4B884012BCA1AB2005F79D4 /* ToDoGeo */,
				A4B8841A2BCA1AB3005F79D4 /* ToDoGeoTests */,
				A4B884242BCA1AB3005F79D4 /* ToDoGeoUITests */,
			);
		};
/* End PBXProject section */

/* Begin PBXResourcesBuildPhase section */
		A4B884002BCA1AB2005F79D4 /* Resources */ = {
			isa = PBXResourcesBuildPhase;
			buildActionMask = 2147483647;
			files = (
				A4B884122BCA1AB2005F79D4 /* Assets.xcassets in Resources */,
				A4B884152BCA1AB2005F79D4 /* Base in Resources */,
				A48D48BB2BE5D852004867C6 /* GoogleService-Info.plist in Resources */,
			);
			runOnlyForDeploymentPostprocessing = 0;
		};
		A4B884192BCA1AB3005F79D4 /* Resources */ = {
			isa = PBXResourcesBuildPhase;
			buildActionMask = 2147483647;
			files = (
			);
			runOnlyForDeploymentPostprocessing = 0;
		};
		A4B884232BCA1AB3005F79D4 /* Resources */ = {
			isa = PBXResourcesBuildPhase;
			buildActionMask = 2147483647;
			files = (
			);
			runOnlyForDeploymentPostprocessing = 0;
		};
/* End PBXResourcesBuildPhase section */

/* Begin PBXSourcesBuildPhase section */
		A4B883FE2BCA1AB2005F79D4 /* Sources */ = {
			isa = PBXSourcesBuildPhase;
			buildActionMask = 2147483647;
			files = (
				A48D48CA2BE760D5004867C6 /* Utility.swift in Sources */,
				A40B662B2C34440400A093AF /* StubAddToDoUseCase.swift in Sources */,
				A4AA82B42BD52ADC00800468 /* AddToDoViewController.swift in Sources */,
				A48D48D62BEDEC7F004867C6 /* AlertManager.swift in Sources */,
				A4AA82AA2BD500AE00800468 /* AppFlow.swift in Sources */,
				A48D48DB2BEDF953004867C6 /* UIViewControllerExtension.swift in Sources */,
				05FB0CBD2C3D550000F1D94A /* GetToDoUseCase.swift in Sources */,
				A48D48B72BE131B4004867C6 /* APIService.swift in Sources */,
				A4355C092C1A6086002B210D /* AppleSignInError.swift in Sources */,
				A48D48B52BE131AC004867C6 /* Target.swift in Sources */,
				A40B66312C344BFC00A093AF /* ToDoRepository.swift in Sources */,
				A4B884102BCA1AB2005F79D4 /* ToDoGeo.xcdatamodeld in Sources */,
				A40B662F2C3448F300A093AF /* AddToDoUseCase.swift in Sources */,
				A4AA82AC2BD5067900800468 /* AppStepper.swift in Sources */,
				A4355C062C19E67F002B210D /* SignInRepository.swift in Sources */,
				05DF3D1E2C353EEA0046E8FB /* FireBaseAuthError.swift in Sources */,
				A48D48D92BEDF90B004867C6 /* UIApplicationExtension.swift in Sources */,
				05FB0CC22C3D5AA000F1D94A /* ToDos.swift in Sources */,
				A4AA82AE2BD506D000800468 /* AppStep.swift in Sources */,
				A4B884062BCA1AB2005F79D4 /* AppDelegate.swift in Sources */,
				A4355BF82C19CF2A002B210D /* SignInUseCaseProtocol.swift in Sources */,
				A4355BFF2C19E244002B210D /* StubSignInUseCase.swift in Sources */,
				A40B662D2C34441B00A093AF /* ToDoRepositoryProtocol.swift in Sources */,
				A4355C0C2C1C2513002B210D /* Constant.swift in Sources */,
				A4355C012C19E26F002B210D /* SignInRepositoryProtocol.swift in Sources */,
				A4671B502C1F082A00AFE7B2 /* LocationManger.swift in Sources */,
				A4AA82B62BD52B1D00800468 /* SignInViewController.swift in Sources */,
				A4355C042C19E28E002B210D /* SignInUseCase.swift in Sources */,
				A4AA82BA2BD5308700800468 /* SignInReactor.swift in Sources */,
				A4D3D6812C1D875000FC8EA7 /* ToDo.swift in Sources */,
				A48D48B32BE1319D004867C6 /* API.swift in Sources */,
				A4AA82B82BD52FE700800468 /* AddToDoReactor.swift in Sources */,
				05FB0CBB2C3D54B100F1D94A /* GetToDoUseCaseProtocol.swift in Sources */,
				A4355BFB2C19DCB5002B210D /* SignInUser.swift in Sources */,
				A4AA82B22BD50BBE00800468 /* ToDoFlow.swift in Sources */,
				A4B884082BCA1AB2005F79D4 /* SceneDelegate.swift in Sources */,
				A40B66292C3443C800A093AF /* AddToDoUseCaseProtocol.swift in Sources */,
				A4A58CF62C31319000866A0A /* ToDoTextFieldError.swift in Sources */,
				A4AA82B02BD50BB500800468 /* SignInFlow.swift in Sources */,
				A48D48CE2BECDCC3004867C6 /* RegExConstant.swift in Sources */,
				A48D48B92BE131CB004867C6 /* NetworkEventLogger.swift in Sources */,
			);
			runOnlyForDeploymentPostprocessing = 0;
		};
		A4B884172BCA1AB3005F79D4 /* Sources */ = {
			isa = PBXSourcesBuildPhase;
			buildActionMask = 2147483647;
			files = (
				A4A58CF82C31499C00866A0A /* AddToDoReactorTests.swift in Sources */,
			);
			runOnlyForDeploymentPostprocessing = 0;
		};
		A4B884212BCA1AB3005F79D4 /* Sources */ = {
			isa = PBXSourcesBuildPhase;
			buildActionMask = 2147483647;
			files = (
				A4B8842C2BCA1AB3005F79D4 /* ToDoGeoUITestsLaunchTests.swift in Sources */,
				A4B8842A2BCA1AB3005F79D4 /* ToDoGeoUITests.swift in Sources */,
			);
			runOnlyForDeploymentPostprocessing = 0;
		};
/* End PBXSourcesBuildPhase section */

/* Begin PBXTargetDependency section */
		A4B8841D2BCA1AB3005F79D4 /* PBXTargetDependency */ = {
			isa = PBXTargetDependency;
			target = A4B884012BCA1AB2005F79D4 /* ToDoGeo */;
			targetProxy = A4B8841C2BCA1AB3005F79D4 /* PBXContainerItemProxy */;
		};
		A4B884272BCA1AB3005F79D4 /* PBXTargetDependency */ = {
			isa = PBXTargetDependency;
			target = A4B884012BCA1AB2005F79D4 /* ToDoGeo */;
			targetProxy = A4B884262BCA1AB3005F79D4 /* PBXContainerItemProxy */;
		};
/* End PBXTargetDependency section */

/* Begin PBXVariantGroup section */
		A4B884132BCA1AB2005F79D4 /* LaunchScreen.storyboard */ = {
			isa = PBXVariantGroup;
			children = (
				A4B884142BCA1AB2005F79D4 /* Base */,
			);
			name = LaunchScreen.storyboard;
			sourceTree = "<group>";
		};
/* End PBXVariantGroup section */

/* Begin XCBuildConfiguration section */
		A4B8842D2BCA1AB3005F79D4 /* Debug */ = {
			isa = XCBuildConfiguration;
			buildSettings = {
				ALWAYS_SEARCH_USER_PATHS = NO;
				ASSETCATALOG_COMPILER_GENERATE_SWIFT_ASSET_SYMBOL_EXTENSIONS = YES;
				CLANG_ANALYZER_NONNULL = YES;
				CLANG_ANALYZER_NUMBER_OBJECT_CONVERSION = YES_AGGRESSIVE;
				CLANG_CXX_LANGUAGE_STANDARD = "gnu++20";
				CLANG_ENABLE_MODULES = YES;
				CLANG_ENABLE_OBJC_ARC = YES;
				CLANG_ENABLE_OBJC_WEAK = YES;
				CLANG_WARN_BLOCK_CAPTURE_AUTORELEASING = YES;
				CLANG_WARN_BOOL_CONVERSION = YES;
				CLANG_WARN_COMMA = YES;
				CLANG_WARN_CONSTANT_CONVERSION = YES;
				CLANG_WARN_DEPRECATED_OBJC_IMPLEMENTATIONS = YES;
				CLANG_WARN_DIRECT_OBJC_ISA_USAGE = YES_ERROR;
				CLANG_WARN_DOCUMENTATION_COMMENTS = YES;
				CLANG_WARN_EMPTY_BODY = YES;
				CLANG_WARN_ENUM_CONVERSION = YES;
				CLANG_WARN_INFINITE_RECURSION = YES;
				CLANG_WARN_INT_CONVERSION = YES;
				CLANG_WARN_NON_LITERAL_NULL_CONVERSION = YES;
				CLANG_WARN_OBJC_IMPLICIT_RETAIN_SELF = YES;
				CLANG_WARN_OBJC_LITERAL_CONVERSION = YES;
				CLANG_WARN_OBJC_ROOT_CLASS = YES_ERROR;
				CLANG_WARN_QUOTED_INCLUDE_IN_FRAMEWORK_HEADER = YES;
				CLANG_WARN_RANGE_LOOP_ANALYSIS = YES;
				CLANG_WARN_STRICT_PROTOTYPES = YES;
				CLANG_WARN_SUSPICIOUS_MOVE = YES;
				CLANG_WARN_UNGUARDED_AVAILABILITY = YES_AGGRESSIVE;
				CLANG_WARN_UNREACHABLE_CODE = YES;
				CLANG_WARN__DUPLICATE_METHOD_MATCH = YES;
				COPY_PHASE_STRIP = NO;
				DEBUG_INFORMATION_FORMAT = dwarf;
				ENABLE_STRICT_OBJC_MSGSEND = YES;
				ENABLE_TESTABILITY = YES;
				ENABLE_USER_SCRIPT_SANDBOXING = YES;
				GCC_C_LANGUAGE_STANDARD = gnu17;
				GCC_DYNAMIC_NO_PIC = NO;
				GCC_NO_COMMON_BLOCKS = YES;
				GCC_OPTIMIZATION_LEVEL = 0;
				GCC_PREPROCESSOR_DEFINITIONS = (
					"DEBUG=1",
					"$(inherited)",
				);
				GCC_WARN_64_TO_32_BIT_CONVERSION = YES;
				GCC_WARN_ABOUT_RETURN_TYPE = YES_ERROR;
				GCC_WARN_UNDECLARED_SELECTOR = YES;
				GCC_WARN_UNINITIALIZED_AUTOS = YES_AGGRESSIVE;
				GCC_WARN_UNUSED_FUNCTION = YES;
				GCC_WARN_UNUSED_VARIABLE = YES;
				IPHONEOS_DEPLOYMENT_TARGET = 17.4;
				LOCALIZATION_PREFERS_STRING_CATALOGS = YES;
				MTL_ENABLE_DEBUG_INFO = INCLUDE_SOURCE;
				MTL_FAST_MATH = YES;
				ONLY_ACTIVE_ARCH = YES;
				SDKROOT = iphoneos;
				SWIFT_ACTIVE_COMPILATION_CONDITIONS = "DEBUG $(inherited)";
				SWIFT_OPTIMIZATION_LEVEL = "-Onone";
			};
			name = Debug;
		};
		A4B8842E2BCA1AB3005F79D4 /* Release */ = {
			isa = XCBuildConfiguration;
			buildSettings = {
				ALWAYS_SEARCH_USER_PATHS = NO;
				ASSETCATALOG_COMPILER_GENERATE_SWIFT_ASSET_SYMBOL_EXTENSIONS = YES;
				CLANG_ANALYZER_NONNULL = YES;
				CLANG_ANALYZER_NUMBER_OBJECT_CONVERSION = YES_AGGRESSIVE;
				CLANG_CXX_LANGUAGE_STANDARD = "gnu++20";
				CLANG_ENABLE_MODULES = YES;
				CLANG_ENABLE_OBJC_ARC = YES;
				CLANG_ENABLE_OBJC_WEAK = YES;
				CLANG_WARN_BLOCK_CAPTURE_AUTORELEASING = YES;
				CLANG_WARN_BOOL_CONVERSION = YES;
				CLANG_WARN_COMMA = YES;
				CLANG_WARN_CONSTANT_CONVERSION = YES;
				CLANG_WARN_DEPRECATED_OBJC_IMPLEMENTATIONS = YES;
				CLANG_WARN_DIRECT_OBJC_ISA_USAGE = YES_ERROR;
				CLANG_WARN_DOCUMENTATION_COMMENTS = YES;
				CLANG_WARN_EMPTY_BODY = YES;
				CLANG_WARN_ENUM_CONVERSION = YES;
				CLANG_WARN_INFINITE_RECURSION = YES;
				CLANG_WARN_INT_CONVERSION = YES;
				CLANG_WARN_NON_LITERAL_NULL_CONVERSION = YES;
				CLANG_WARN_OBJC_IMPLICIT_RETAIN_SELF = YES;
				CLANG_WARN_OBJC_LITERAL_CONVERSION = YES;
				CLANG_WARN_OBJC_ROOT_CLASS = YES_ERROR;
				CLANG_WARN_QUOTED_INCLUDE_IN_FRAMEWORK_HEADER = YES;
				CLANG_WARN_RANGE_LOOP_ANALYSIS = YES;
				CLANG_WARN_STRICT_PROTOTYPES = YES;
				CLANG_WARN_SUSPICIOUS_MOVE = YES;
				CLANG_WARN_UNGUARDED_AVAILABILITY = YES_AGGRESSIVE;
				CLANG_WARN_UNREACHABLE_CODE = YES;
				CLANG_WARN__DUPLICATE_METHOD_MATCH = YES;
				COPY_PHASE_STRIP = NO;
				DEBUG_INFORMATION_FORMAT = "dwarf-with-dsym";
				ENABLE_NS_ASSERTIONS = NO;
				ENABLE_STRICT_OBJC_MSGSEND = YES;
				ENABLE_USER_SCRIPT_SANDBOXING = YES;
				GCC_C_LANGUAGE_STANDARD = gnu17;
				GCC_NO_COMMON_BLOCKS = YES;
				GCC_WARN_64_TO_32_BIT_CONVERSION = YES;
				GCC_WARN_ABOUT_RETURN_TYPE = YES_ERROR;
				GCC_WARN_UNDECLARED_SELECTOR = YES;
				GCC_WARN_UNINITIALIZED_AUTOS = YES_AGGRESSIVE;
				GCC_WARN_UNUSED_FUNCTION = YES;
				GCC_WARN_UNUSED_VARIABLE = YES;
				IPHONEOS_DEPLOYMENT_TARGET = 17.4;
				LOCALIZATION_PREFERS_STRING_CATALOGS = YES;
				MTL_ENABLE_DEBUG_INFO = NO;
				MTL_FAST_MATH = YES;
				SDKROOT = iphoneos;
				SWIFT_COMPILATION_MODE = wholemodule;
				VALIDATE_PRODUCT = YES;
			};
			name = Release;
		};
		A4B884302BCA1AB3005F79D4 /* Debug */ = {
			isa = XCBuildConfiguration;
			buildSettings = {
				ASSETCATALOG_COMPILER_APPICON_NAME = AppIcon;
				ASSETCATALOG_COMPILER_GLOBAL_ACCENT_COLOR_NAME = AccentColor;
				CODE_SIGN_ENTITLEMENTS = ToDoGeo/ToDoGeo.entitlements;
				CODE_SIGN_STYLE = Automatic;
				CURRENT_PROJECT_VERSION = 1;
				DEVELOPMENT_TEAM = WC4SMWCBL2;
				GENERATE_INFOPLIST_FILE = YES;
				INFOPLIST_FILE = ToDoGeo/Common/Resource/Info.plist;
				INFOPLIST_KEY_NSLocationAlwaysAndWhenInUseUsageDescription = "ToDo 알림을 받기 위해 위치 권한의 항상 허용이 필요합니다.";
				INFOPLIST_KEY_NSLocationWhenInUseUsageDescription = "ToDo 알림을 받기 위해 위치 권한의 항상 허용이 필요합니다.";
				INFOPLIST_KEY_UIApplicationSupportsIndirectInputEvents = YES;
				INFOPLIST_KEY_UILaunchStoryboardName = LaunchScreen;
				INFOPLIST_KEY_UISupportedInterfaceOrientations_iPad = "UIInterfaceOrientationPortrait UIInterfaceOrientationPortraitUpsideDown UIInterfaceOrientationLandscapeLeft UIInterfaceOrientationLandscapeRight";
				INFOPLIST_KEY_UISupportedInterfaceOrientations_iPhone = "UIInterfaceOrientationPortrait UIInterfaceOrientationLandscapeLeft UIInterfaceOrientationLandscapeRight";
				LD_RUNPATH_SEARCH_PATHS = (
					"$(inherited)",
					"@executable_path/Frameworks",
				);
				MARKETING_VERSION = 1.0;
				PRODUCT_BUNDLE_IDENTIFIER = Neoguri.ToDoGeo;
				PRODUCT_NAME = "$(TARGET_NAME)";
				SUPPORTED_PLATFORMS = "iphoneos iphonesimulator";
				SUPPORTS_MACCATALYST = NO;
				SUPPORTS_MAC_DESIGNED_FOR_IPHONE_IPAD = NO;
				SUPPORTS_XR_DESIGNED_FOR_IPHONE_IPAD = NO;
				SWIFT_EMIT_LOC_STRINGS = YES;
				SWIFT_VERSION = 5.0;
				TARGETED_DEVICE_FAMILY = 1;
			};
			name = Debug;
		};
		A4B884312BCA1AB3005F79D4 /* Release */ = {
			isa = XCBuildConfiguration;
			buildSettings = {
				ASSETCATALOG_COMPILER_APPICON_NAME = AppIcon;
				ASSETCATALOG_COMPILER_GLOBAL_ACCENT_COLOR_NAME = AccentColor;
				CODE_SIGN_ENTITLEMENTS = ToDoGeo/ToDoGeo.entitlements;
				CODE_SIGN_STYLE = Automatic;
				CURRENT_PROJECT_VERSION = 1;
				DEVELOPMENT_TEAM = WC4SMWCBL2;
				GENERATE_INFOPLIST_FILE = YES;
				INFOPLIST_FILE = ToDoGeo/Common/Resource/Info.plist;
				INFOPLIST_KEY_NSLocationAlwaysAndWhenInUseUsageDescription = "ToDo 알림을 받기 위해 위치 권한의 항상 허용이 필요합니다.";
				INFOPLIST_KEY_NSLocationWhenInUseUsageDescription = "ToDo 알림을 받기 위해 위치 권한의 항상 허용이 필요합니다.";
				INFOPLIST_KEY_UIApplicationSupportsIndirectInputEvents = YES;
				INFOPLIST_KEY_UILaunchStoryboardName = LaunchScreen;
				INFOPLIST_KEY_UISupportedInterfaceOrientations_iPad = "UIInterfaceOrientationPortrait UIInterfaceOrientationPortraitUpsideDown UIInterfaceOrientationLandscapeLeft UIInterfaceOrientationLandscapeRight";
				INFOPLIST_KEY_UISupportedInterfaceOrientations_iPhone = "UIInterfaceOrientationPortrait UIInterfaceOrientationLandscapeLeft UIInterfaceOrientationLandscapeRight";
				LD_RUNPATH_SEARCH_PATHS = (
					"$(inherited)",
					"@executable_path/Frameworks",
				);
				MARKETING_VERSION = 1.0;
				PRODUCT_BUNDLE_IDENTIFIER = Neoguri.ToDoGeo;
				PRODUCT_NAME = "$(TARGET_NAME)";
				SUPPORTED_PLATFORMS = "iphoneos iphonesimulator";
				SUPPORTS_MACCATALYST = NO;
				SUPPORTS_MAC_DESIGNED_FOR_IPHONE_IPAD = NO;
				SUPPORTS_XR_DESIGNED_FOR_IPHONE_IPAD = NO;
				SWIFT_EMIT_LOC_STRINGS = YES;
				SWIFT_VERSION = 5.0;
				TARGETED_DEVICE_FAMILY = 1;
			};
			name = Release;
		};
		A4B884332BCA1AB3005F79D4 /* Debug */ = {
			isa = XCBuildConfiguration;
			buildSettings = {
				ALWAYS_EMBED_SWIFT_STANDARD_LIBRARIES = YES;
				BUNDLE_LOADER = "$(TEST_HOST)";
				CLANG_ENABLE_MODULES = YES;
				CODE_SIGN_STYLE = Automatic;
				CURRENT_PROJECT_VERSION = 1;
				DEVELOPMENT_TEAM = WC4SMWCBL2;
				GENERATE_INFOPLIST_FILE = YES;
				IPHONEOS_DEPLOYMENT_TARGET = 17.4;
				MARKETING_VERSION = 1.0;
				PRODUCT_BUNDLE_IDENTIFIER = Neoguri.ToDoGeoTests;
				PRODUCT_NAME = "$(TARGET_NAME)";
				SUPPORTED_PLATFORMS = "iphoneos iphonesimulator";
				SUPPORTS_MACCATALYST = NO;
				SUPPORTS_MAC_DESIGNED_FOR_IPHONE_IPAD = NO;
				SUPPORTS_XR_DESIGNED_FOR_IPHONE_IPAD = NO;
				SWIFT_EMIT_LOC_STRINGS = NO;
				SWIFT_OPTIMIZATION_LEVEL = "-Onone";
				SWIFT_VERSION = 5.0;
				TARGETED_DEVICE_FAMILY = 1;
				TEST_HOST = "$(BUILT_PRODUCTS_DIR)/ToDoGeo.app/$(BUNDLE_EXECUTABLE_FOLDER_PATH)/ToDoGeo";
			};
			name = Debug;
		};
		A4B884342BCA1AB3005F79D4 /* Release */ = {
			isa = XCBuildConfiguration;
			buildSettings = {
				ALWAYS_EMBED_SWIFT_STANDARD_LIBRARIES = YES;
				BUNDLE_LOADER = "$(TEST_HOST)";
				CLANG_ENABLE_MODULES = YES;
				CODE_SIGN_STYLE = Automatic;
				CURRENT_PROJECT_VERSION = 1;
				DEVELOPMENT_TEAM = WC4SMWCBL2;
				GENERATE_INFOPLIST_FILE = YES;
				IPHONEOS_DEPLOYMENT_TARGET = 17.4;
				MARKETING_VERSION = 1.0;
				PRODUCT_BUNDLE_IDENTIFIER = Neoguri.ToDoGeoTests;
				PRODUCT_NAME = "$(TARGET_NAME)";
				SUPPORTED_PLATFORMS = "iphoneos iphonesimulator";
				SUPPORTS_MACCATALYST = NO;
				SUPPORTS_MAC_DESIGNED_FOR_IPHONE_IPAD = NO;
				SUPPORTS_XR_DESIGNED_FOR_IPHONE_IPAD = NO;
				SWIFT_EMIT_LOC_STRINGS = NO;
				SWIFT_VERSION = 5.0;
				TARGETED_DEVICE_FAMILY = 1;
				TEST_HOST = "$(BUILT_PRODUCTS_DIR)/ToDoGeo.app/$(BUNDLE_EXECUTABLE_FOLDER_PATH)/ToDoGeo";
			};
			name = Release;
		};
		A4B884362BCA1AB3005F79D4 /* Debug */ = {
			isa = XCBuildConfiguration;
			buildSettings = {
				ALWAYS_EMBED_SWIFT_STANDARD_LIBRARIES = YES;
				"CODE_SIGN_IDENTITY[sdk=macosx*]" = "Apple Development";
				CODE_SIGN_STYLE = Automatic;
				CURRENT_PROJECT_VERSION = 1;
				DEVELOPMENT_TEAM = WC4SMWCBL2;
				GENERATE_INFOPLIST_FILE = YES;
				MARKETING_VERSION = 1.0;
				PRODUCT_BUNDLE_IDENTIFIER = Neoguri.ToDoGeoUITests;
				PRODUCT_NAME = "$(TARGET_NAME)";
				SUPPORTED_PLATFORMS = "iphoneos iphonesimulator";
				SUPPORTS_MACCATALYST = NO;
				SUPPORTS_MAC_DESIGNED_FOR_IPHONE_IPAD = NO;
				SUPPORTS_XR_DESIGNED_FOR_IPHONE_IPAD = NO;
				SWIFT_EMIT_LOC_STRINGS = NO;
				SWIFT_VERSION = 5.0;
				TARGETED_DEVICE_FAMILY = 1;
				TEST_TARGET_NAME = ToDoGeo;
			};
			name = Debug;
		};
		A4B884372BCA1AB3005F79D4 /* Release */ = {
			isa = XCBuildConfiguration;
			buildSettings = {
				ALWAYS_EMBED_SWIFT_STANDARD_LIBRARIES = YES;
				"CODE_SIGN_IDENTITY[sdk=macosx*]" = "Apple Development";
				CODE_SIGN_STYLE = Automatic;
				CURRENT_PROJECT_VERSION = 1;
				DEVELOPMENT_TEAM = WC4SMWCBL2;
				GENERATE_INFOPLIST_FILE = YES;
				MARKETING_VERSION = 1.0;
				PRODUCT_BUNDLE_IDENTIFIER = Neoguri.ToDoGeoUITests;
				PRODUCT_NAME = "$(TARGET_NAME)";
				SUPPORTED_PLATFORMS = "iphoneos iphonesimulator";
				SUPPORTS_MACCATALYST = NO;
				SUPPORTS_MAC_DESIGNED_FOR_IPHONE_IPAD = NO;
				SUPPORTS_XR_DESIGNED_FOR_IPHONE_IPAD = NO;
				SWIFT_EMIT_LOC_STRINGS = NO;
				SWIFT_VERSION = 5.0;
				TARGETED_DEVICE_FAMILY = 1;
				TEST_TARGET_NAME = ToDoGeo;
			};
			name = Release;
		};
/* End XCBuildConfiguration section */

/* Begin XCConfigurationList section */
		A4B883FD2BCA1AB2005F79D4 /* Build configuration list for PBXProject "ToDoGeo" */ = {
			isa = XCConfigurationList;
			buildConfigurations = (
				A4B8842D2BCA1AB3005F79D4 /* Debug */,
				A4B8842E2BCA1AB3005F79D4 /* Release */,
			);
			defaultConfigurationIsVisible = 0;
			defaultConfigurationName = Release;
		};
		A4B8842F2BCA1AB3005F79D4 /* Build configuration list for PBXNativeTarget "ToDoGeo" */ = {
			isa = XCConfigurationList;
			buildConfigurations = (
				A4B884302BCA1AB3005F79D4 /* Debug */,
				A4B884312BCA1AB3005F79D4 /* Release */,
			);
			defaultConfigurationIsVisible = 0;
			defaultConfigurationName = Release;
		};
		A4B884322BCA1AB3005F79D4 /* Build configuration list for PBXNativeTarget "ToDoGeoTests" */ = {
			isa = XCConfigurationList;
			buildConfigurations = (
				A4B884332BCA1AB3005F79D4 /* Debug */,
				A4B884342BCA1AB3005F79D4 /* Release */,
			);
			defaultConfigurationIsVisible = 0;
			defaultConfigurationName = Release;
		};
		A4B884352BCA1AB3005F79D4 /* Build configuration list for PBXNativeTarget "ToDoGeoUITests" */ = {
			isa = XCConfigurationList;
			buildConfigurations = (
				A4B884362BCA1AB3005F79D4 /* Debug */,
				A4B884372BCA1AB3005F79D4 /* Release */,
			);
			defaultConfigurationIsVisible = 0;
			defaultConfigurationName = Release;
		};
/* End XCConfigurationList section */

/* Begin XCRemoteSwiftPackageReference section */
		A48D48AF2BE13168004867C6 /* XCRemoteSwiftPackageReference "Alamofire" */ = {
			isa = XCRemoteSwiftPackageReference;
			repositoryURL = "https://github.com/Alamofire/Alamofire.git";
			requirement = {
				kind = upToNextMajorVersion;
				minimumVersion = 5.9.1;
			};
		};
		A48D48BC2BE5D895004867C6 /* XCRemoteSwiftPackageReference "firebase-ios-sdk" */ = {
			isa = XCRemoteSwiftPackageReference;
			repositoryURL = "https://github.com/firebase/firebase-ios-sdk";
			requirement = {
				kind = upToNextMajorVersion;
				minimumVersion = 10.25.0;
			};
		};
		A48D48CF2BECDEC3004867C6 /* XCRemoteSwiftPackageReference "PinLayout" */ = {
			isa = XCRemoteSwiftPackageReference;
			repositoryURL = "https://github.com/layoutBox/PinLayout";
			requirement = {
				kind = upToNextMajorVersion;
				minimumVersion = 1.10.5;
			};
		};
		A48D48D22BECDEF4004867C6 /* XCRemoteSwiftPackageReference "FlexLayout" */ = {
			isa = XCRemoteSwiftPackageReference;
			repositoryURL = "https://github.com/layoutBox/FlexLayout";
			requirement = {
				kind = upToNextMajorVersion;
				minimumVersion = 2.0.7;
			};
		};
		A4AA82942BCA7A2F00800468 /* XCRemoteSwiftPackageReference "RxSwift" */ = {
			isa = XCRemoteSwiftPackageReference;
			repositoryURL = "https://github.com/ReactiveX/RxSwift.git";
			requirement = {
				kind = upToNextMajorVersion;
				minimumVersion = 6.6.0;
			};
		};
		A4AA82972BCA7A4100800468 /* XCRemoteSwiftPackageReference "ReactorKit" */ = {
			isa = XCRemoteSwiftPackageReference;
			repositoryURL = "https://github.com/ReactorKit/ReactorKit.git";
			requirement = {
				kind = upToNextMajorVersion;
				minimumVersion = 3.2.0;
			};
		};
		A4AA82A62BD4FC2D00800468 /* XCRemoteSwiftPackageReference "RxFlow" */ = {
			isa = XCRemoteSwiftPackageReference;
			repositoryURL = "https://github.com/RxSwiftCommunity/RxFlow.git";
			requirement = {
				kind = upToNextMajorVersion;
				minimumVersion = 2.13.0;
			};
		};
/* End XCRemoteSwiftPackageReference section */

/* Begin XCSwiftPackageProductDependency section */
		05DF3D1B2C353B380046E8FB /* FirebaseDatabase */ = {
			isa = XCSwiftPackageProductDependency;
			package = A48D48BC2BE5D895004867C6 /* XCRemoteSwiftPackageReference "firebase-ios-sdk" */;
			productName = FirebaseDatabase;
		};
		A48D48B02BE13168004867C6 /* Alamofire */ = {
			isa = XCSwiftPackageProductDependency;
			package = A48D48AF2BE13168004867C6 /* XCRemoteSwiftPackageReference "Alamofire" */;
			productName = Alamofire;
		};
		A48D48BD2BE5D895004867C6 /* FirebaseAnalytics */ = {
			isa = XCSwiftPackageProductDependency;
			package = A48D48BC2BE5D895004867C6 /* XCRemoteSwiftPackageReference "firebase-ios-sdk" */;
			productName = FirebaseAnalytics;
		};
		A48D48BF2BE5D895004867C6 /* FirebaseAnalyticsSwift */ = {
			isa = XCSwiftPackageProductDependency;
			package = A48D48BC2BE5D895004867C6 /* XCRemoteSwiftPackageReference "firebase-ios-sdk" */;
			productName = FirebaseAnalyticsSwift;
		};
		A48D48C12BE5D895004867C6 /* FirebaseAuth */ = {
			isa = XCSwiftPackageProductDependency;
			package = A48D48BC2BE5D895004867C6 /* XCRemoteSwiftPackageReference "firebase-ios-sdk" */;
			productName = FirebaseAuth;
		};
		A48D48D02BECDEC3004867C6 /* PinLayout */ = {
			isa = XCSwiftPackageProductDependency;
			package = A48D48CF2BECDEC3004867C6 /* XCRemoteSwiftPackageReference "PinLayout" */;
			productName = PinLayout;
		};
		A48D48D32BECDEF4004867C6 /* FlexLayout */ = {
			isa = XCSwiftPackageProductDependency;
			package = A48D48D22BECDEF4004867C6 /* XCRemoteSwiftPackageReference "FlexLayout" */;
			productName = FlexLayout;
		};
		A4AA82952BCA7A2F00800468 /* RxCocoa */ = {
			isa = XCSwiftPackageProductDependency;
			package = A4AA82942BCA7A2F00800468 /* XCRemoteSwiftPackageReference "RxSwift" */;
			productName = RxCocoa;
		};
		A4AA82982BCA7A4100800468 /* ReactorKit */ = {
			isa = XCSwiftPackageProductDependency;
			package = A4AA82972BCA7A4100800468 /* XCRemoteSwiftPackageReference "ReactorKit" */;
			productName = ReactorKit;
		};
		A4AA82A72BD4FC2D00800468 /* RxFlow */ = {
			isa = XCSwiftPackageProductDependency;
			package = A4AA82A62BD4FC2D00800468 /* XCRemoteSwiftPackageReference "RxFlow" */;
			productName = RxFlow;
		};
/* End XCSwiftPackageProductDependency section */

/* Begin XCVersionGroup section */
		A4B8840E2BCA1AB2005F79D4 /* ToDoGeo.xcdatamodeld */ = {
			isa = XCVersionGroup;
			children = (
				A4B8840F2BCA1AB2005F79D4 /* ToDoGeo.xcdatamodel */,
			);
			currentVersion = A4B8840F2BCA1AB2005F79D4 /* ToDoGeo.xcdatamodel */;
			path = ToDoGeo.xcdatamodeld;
			sourceTree = "<group>";
			versionGroupType = wrapper.xcdatamodel;
		};
/* End XCVersionGroup section */
	};
	rootObject = A4B883FA2BCA1AB2005F79D4 /* Project object */;
}
